// !$*UTF8*$!
{
	archiveVersion = 1;
	classes = {
	};
	objectVersion = 56;
	objects = {

/* Begin PBXBuildFile section */
		48AD58BA2D5ADFA600AFC9D8 /* M_Commerce_AppApp.swift in Sources */ = {isa = PBXBuildFile; fileRef = 48AD58B92D5ADFA600AFC9D8 /* M_Commerce_AppApp.swift */; };
		48AD58BC2D5ADFA600AFC9D8 /* ContentView.swift in Sources */ = {isa = PBXBuildFile; fileRef = 48AD58BB2D5ADFA600AFC9D8 /* ContentView.swift */; };
		48AD58BE2D5ADFA600AFC9D8 /* Item.swift in Sources */ = {isa = PBXBuildFile; fileRef = 48AD58BD2D5ADFA600AFC9D8 /* Item.swift */; };
		48AD58C02D5ADFA900AFC9D8 /* Assets.xcassets in Resources */ = {isa = PBXBuildFile; fileRef = 48AD58BF2D5ADFA900AFC9D8 /* Assets.xcassets */; };
		48AD58C32D5ADFA900AFC9D8 /* Preview Assets.xcassets in Resources */ = {isa = PBXBuildFile; fileRef = 48AD58C22D5ADFA900AFC9D8 /* Preview Assets.xcassets */; };
		48AD58CD2D5ADFAA00AFC9D8 /* M_Commerce_AppTests.swift in Sources */ = {isa = PBXBuildFile; fileRef = 48AD58CC2D5ADFAA00AFC9D8 /* M_Commerce_AppTests.swift */; };
		48AD58D72D5ADFAA00AFC9D8 /* M_Commerce_AppUITests.swift in Sources */ = {isa = PBXBuildFile; fileRef = 48AD58D62D5ADFAA00AFC9D8 /* M_Commerce_AppUITests.swift */; };
		48AD58D92D5ADFAA00AFC9D8 /* M_Commerce_AppUITestsLaunchTests.swift in Sources */ = {isa = PBXBuildFile; fileRef = 48AD58D82D5ADFAA00AFC9D8 /* M_Commerce_AppUITestsLaunchTests.swift */; };
/* End PBXBuildFile section */

/* Begin PBXContainerItemProxy section */
		48AD58C92D5ADFAA00AFC9D8 /* PBXContainerItemProxy */ = {
			isa = PBXContainerItemProxy;
			containerPortal = 48AD58AE2D5ADFA600AFC9D8 /* Project object */;
			proxyType = 1;
			remoteGlobalIDString = 48AD58B52D5ADFA600AFC9D8;
			remoteInfo = "M-Commerce-App";
		};
		48AD58D32D5ADFAA00AFC9D8 /* PBXContainerItemProxy */ = {
			isa = PBXContainerItemProxy;
			containerPortal = 48AD58AE2D5ADFA600AFC9D8 /* Project object */;
			proxyType = 1;
			remoteGlobalIDString = 48AD58B52D5ADFA600AFC9D8;
			remoteInfo = "M-Commerce-App";
		};
/* End PBXContainerItemProxy section */

/* Begin PBXFileReference section */
		48AD58B62D5ADFA600AFC9D8 /* M-Commerce-App.app */ = {isa = PBXFileReference; explicitFileType = wrapper.application; includeInIndex = 0; path = "M-Commerce-App.app"; sourceTree = BUILT_PRODUCTS_DIR; };
		48AD58B92D5ADFA600AFC9D8 /* M_Commerce_AppApp.swift */ = {isa = PBXFileReference; lastKnownFileType = sourcecode.swift; path = M_Commerce_AppApp.swift; sourceTree = "<group>"; };
		48AD58BB2D5ADFA600AFC9D8 /* ContentView.swift */ = {isa = PBXFileReference; lastKnownFileType = sourcecode.swift; path = ContentView.swift; sourceTree = "<group>"; };
		48AD58BD2D5ADFA600AFC9D8 /* Item.swift */ = {isa = PBXFileReference; lastKnownFileType = sourcecode.swift; path = Item.swift; sourceTree = "<group>"; };
		48AD58BF2D5ADFA900AFC9D8 /* Assets.xcassets */ = {isa = PBXFileReference; lastKnownFileType = folder.assetcatalog; path = Assets.xcassets; sourceTree = "<group>"; };
		48AD58C22D5ADFA900AFC9D8 /* Preview Assets.xcassets */ = {isa = PBXFileReference; lastKnownFileType = folder.assetcatalog; path = "Preview Assets.xcassets"; sourceTree = "<group>"; };
		48AD58C82D5ADFAA00AFC9D8 /* M-Commerce-AppTests.xctest */ = {isa = PBXFileReference; explicitFileType = wrapper.cfbundle; includeInIndex = 0; path = "M-Commerce-AppTests.xctest"; sourceTree = BUILT_PRODUCTS_DIR; };
		48AD58CC2D5ADFAA00AFC9D8 /* M_Commerce_AppTests.swift */ = {isa = PBXFileReference; lastKnownFileType = sourcecode.swift; path = M_Commerce_AppTests.swift; sourceTree = "<group>"; };
		48AD58D22D5ADFAA00AFC9D8 /* M-Commerce-AppUITests.xctest */ = {isa = PBXFileReference; explicitFileType = wrapper.cfbundle; includeInIndex = 0; path = "M-Commerce-AppUITests.xctest"; sourceTree = BUILT_PRODUCTS_DIR; };
		48AD58D62D5ADFAA00AFC9D8 /* M_Commerce_AppUITests.swift */ = {isa = PBXFileReference; lastKnownFileType = sourcecode.swift; path = M_Commerce_AppUITests.swift; sourceTree = "<group>"; };
		48AD58D82D5ADFAA00AFC9D8 /* M_Commerce_AppUITestsLaunchTests.swift */ = {isa = PBXFileReference; lastKnownFileType = sourcecode.swift; path = M_Commerce_AppUITestsLaunchTests.swift; sourceTree = "<group>"; };
/* End PBXFileReference section */

/* Begin PBXFrameworksBuildPhase section */
		48AD58B32D5ADFA600AFC9D8 /* Frameworks */ = {
			isa = PBXFrameworksBuildPhase;
			buildActionMask = 2147483647;
			files = (
			);
			runOnlyForDeploymentPostprocessing = 0;
		};
		48AD58C52D5ADFAA00AFC9D8 /* Frameworks */ = {
			isa = PBXFrameworksBuildPhase;
			buildActionMask = 2147483647;
			files = (
			);
			runOnlyForDeploymentPostprocessing = 0;
		};
		48AD58CF2D5ADFAA00AFC9D8 /* Frameworks */ = {
			isa = PBXFrameworksBuildPhase;
			buildActionMask = 2147483647;
			files = (
			);
			runOnlyForDeploymentPostprocessing = 0;
		};
/* End PBXFrameworksBuildPhase section */

/* Begin PBXGroup section */
		48AD58AD2D5ADFA600AFC9D8 = {
			isa = PBXGroup;
			children = (
				48AD58B82D5ADFA600AFC9D8 /* M-Commerce-App */,
				48AD58CB2D5ADFAA00AFC9D8 /* M-Commerce-AppTests */,
				48AD58D52D5ADFAA00AFC9D8 /* M-Commerce-AppUITests */,
				48AD58B72D5ADFA600AFC9D8 /* Products */,
			);
			sourceTree = "<group>";
		};
		48AD58B72D5ADFA600AFC9D8 /* Products */ = {
			isa = PBXGroup;
			children = (
				48AD58B62D5ADFA600AFC9D8 /* M-Commerce-App.app */,
				48AD58C82D5ADFAA00AFC9D8 /* M-Commerce-AppTests.xctest */,
				48AD58D22D5ADFAA00AFC9D8 /* M-Commerce-AppUITests.xctest */,
			);
			name = Products;
			sourceTree = "<group>";
		};
		48AD58B82D5ADFA600AFC9D8 /* M-Commerce-App */ = {
			isa = PBXGroup;
			children = (
				48AD58B92D5ADFA600AFC9D8 /* M_Commerce_AppApp.swift */,
				48AD58BB2D5ADFA600AFC9D8 /* ContentView.swift */,
				48AD58BD2D5ADFA600AFC9D8 /* Item.swift */,
				48AD58BF2D5ADFA900AFC9D8 /* Assets.xcassets */,
				48AD58C12D5ADFA900AFC9D8 /* Preview Content */,
			);
			path = "M-Commerce-App";
			sourceTree = "<group>";
		};
		48AD58C12D5ADFA900AFC9D8 /* Preview Content */ = {
			isa = PBXGroup;
			children = (
				48AD58C22D5ADFA900AFC9D8 /* Preview Assets.xcassets */,
			);
			path = "Preview Content";
			sourceTree = "<group>";
		};
		48AD58CB2D5ADFAA00AFC9D8 /* M-Commerce-AppTests */ = {
			isa = PBXGroup;
			children = (
				48AD58CC2D5ADFAA00AFC9D8 /* M_Commerce_AppTests.swift */,
			);
			path = "M-Commerce-AppTests";
			sourceTree = "<group>";
		};
		48AD58D52D5ADFAA00AFC9D8 /* M-Commerce-AppUITests */ = {
			isa = PBXGroup;
			children = (
				48AD58D62D5ADFAA00AFC9D8 /* M_Commerce_AppUITests.swift */,
				48AD58D82D5ADFAA00AFC9D8 /* M_Commerce_AppUITestsLaunchTests.swift */,
			);
			path = "M-Commerce-AppUITests";
			sourceTree = "<group>";
		};
/* End PBXGroup section */

/* Begin PBXNativeTarget section */
		48AD58B52D5ADFA600AFC9D8 /* M-Commerce-App */ = {
			isa = PBXNativeTarget;
			buildConfigurationList = 48AD58DC2D5ADFAA00AFC9D8 /* Build configuration list for PBXNativeTarget "M-Commerce-App" */;
			buildPhases = (
				48AD58B22D5ADFA600AFC9D8 /* Sources */,
				48AD58B32D5ADFA600AFC9D8 /* Frameworks */,
				48AD58B42D5ADFA600AFC9D8 /* Resources */,
			);
			buildRules = (
			);
			dependencies = (
			);
			name = "M-Commerce-App";
			productName = "M-Commerce-App";
			productReference = 48AD58B62D5ADFA600AFC9D8 /* M-Commerce-App.app */;
			productType = "com.apple.product-type.application";
		};
		48AD58C72D5ADFAA00AFC9D8 /* M-Commerce-AppTests */ = {
			isa = PBXNativeTarget;
			buildConfigurationList = 48AD58DF2D5ADFAA00AFC9D8 /* Build configuration list for PBXNativeTarget "M-Commerce-AppTests" */;
			buildPhases = (
				48AD58C42D5ADFAA00AFC9D8 /* Sources */,
				48AD58C52D5ADFAA00AFC9D8 /* Frameworks */,
				48AD58C62D5ADFAA00AFC9D8 /* Resources */,
			);
			buildRules = (
			);
			dependencies = (
				48AD58CA2D5ADFAA00AFC9D8 /* PBXTargetDependency */,
			);
			name = "M-Commerce-AppTests";
			productName = "M-Commerce-AppTests";
			productReference = 48AD58C82D5ADFAA00AFC9D8 /* M-Commerce-AppTests.xctest */;
			productType = "com.apple.product-type.bundle.unit-test";
		};
		48AD58D12D5ADFAA00AFC9D8 /* M-Commerce-AppUITests */ = {
			isa = PBXNativeTarget;
			buildConfigurationList = 48AD58E22D5ADFAA00AFC9D8 /* Build configuration list for PBXNativeTarget "M-Commerce-AppUITests" */;
			buildPhases = (
				48AD58CE2D5ADFAA00AFC9D8 /* Sources */,
				48AD58CF2D5ADFAA00AFC9D8 /* Frameworks */,
				48AD58D02D5ADFAA00AFC9D8 /* Resources */,
			);
			buildRules = (
			);
			dependencies = (
				48AD58D42D5ADFAA00AFC9D8 /* PBXTargetDependency */,
			);
			name = "M-Commerce-AppUITests";
			productName = "M-Commerce-AppUITests";
			productReference = 48AD58D22D5ADFAA00AFC9D8 /* M-Commerce-AppUITests.xctest */;
			productType = "com.apple.product-type.bundle.ui-testing";
		};
/* End PBXNativeTarget section */

/* Begin PBXProject section */
		48AD58AE2D5ADFA600AFC9D8 /* Project object */ = {
			isa = PBXProject;
			attributes = {
				BuildIndependentTargetsInParallel = 1;
				LastSwiftUpdateCheck = 1520;
				LastUpgradeCheck = 1520;
				TargetAttributes = {
					48AD58B52D5ADFA600AFC9D8 = {
						CreatedOnToolsVersion = 15.2;
					};
					48AD58C72D5ADFAA00AFC9D8 = {
						CreatedOnToolsVersion = 15.2;
						TestTargetID = 48AD58B52D5ADFA600AFC9D8;
					};
					48AD58D12D5ADFAA00AFC9D8 = {
						CreatedOnToolsVersion = 15.2;
						TestTargetID = 48AD58B52D5ADFA600AFC9D8;
					};
				};
			};
			buildConfigurationList = 48AD58B12D5ADFA600AFC9D8 /* Build configuration list for PBXProject "M-Commerce-App" */;
			compatibilityVersion = "Xcode 14.0";
			developmentRegion = en;
			hasScannedForEncodings = 0;
			knownRegions = (
				en,
				Base,
			);
			mainGroup = 48AD58AD2D5ADFA600AFC9D8;
			productRefGroup = 48AD58B72D5ADFA600AFC9D8 /* Products */;
			projectDirPath = "";
			projectRoot = "";
			targets = (
				48AD58B52D5ADFA600AFC9D8 /* M-Commerce-App */,
				48AD58C72D5ADFAA00AFC9D8 /* M-Commerce-AppTests */,
				48AD58D12D5ADFAA00AFC9D8 /* M-Commerce-AppUITests */,
			);
		};
/* End PBXProject section */

/* Begin PBXResourcesBuildPhase section */
		48AD58B42D5ADFA600AFC9D8 /* Resources */ = {
			isa = PBXResourcesBuildPhase;
			buildActionMask = 2147483647;
			files = (
				48AD58C32D5ADFA900AFC9D8 /* Preview Assets.xcassets in Resources */,
				48AD58C02D5ADFA900AFC9D8 /* Assets.xcassets in Resources */,
			);
			runOnlyForDeploymentPostprocessing = 0;
		};
		48AD58C62D5ADFAA00AFC9D8 /* Resources */ = {
			isa = PBXResourcesBuildPhase;
			buildActionMask = 2147483647;
			files = (
			);
			runOnlyForDeploymentPostprocessing = 0;
		};
		48AD58D02D5ADFAA00AFC9D8 /* Resources */ = {
			isa = PBXResourcesBuildPhase;
			buildActionMask = 2147483647;
			files = (
			);
			runOnlyForDeploymentPostprocessing = 0;
		};
/* End PBXResourcesBuildPhase section */

/* Begin PBXSourcesBuildPhase section */
		48AD58B22D5ADFA600AFC9D8 /* Sources */ = {
			isa = PBXSourcesBuildPhase;
			buildActionMask = 2147483647;
			files = (
				48AD58BC2D5ADFA600AFC9D8 /* ContentView.swift in Sources */,
				48AD58BE2D5ADFA600AFC9D8 /* Item.swift in Sources */,
				48AD58BA2D5ADFA600AFC9D8 /* M_Commerce_AppApp.swift in Sources */,
			);
			runOnlyForDeploymentPostprocessing = 0;
		};
		48AD58C42D5ADFAA00AFC9D8 /* Sources */ = {
			isa = PBXSourcesBuildPhase;
			buildActionMask = 2147483647;
			files = (
				48AD58CD2D5ADFAA00AFC9D8 /* M_Commerce_AppTests.swift in Sources */,
			);
			runOnlyForDeploymentPostprocessing = 0;
		};
		48AD58CE2D5ADFAA00AFC9D8 /* Sources */ = {
			isa = PBXSourcesBuildPhase;
			buildActionMask = 2147483647;
			files = (
				48AD58D72D5ADFAA00AFC9D8 /* M_Commerce_AppUITests.swift in Sources */,
				48AD58D92D5ADFAA00AFC9D8 /* M_Commerce_AppUITestsLaunchTests.swift in Sources */,
			);
			runOnlyForDeploymentPostprocessing = 0;
		};
/* End PBXSourcesBuildPhase section */

/* Begin PBXTargetDependency section */
		48AD58CA2D5ADFAA00AFC9D8 /* PBXTargetDependency */ = {
			isa = PBXTargetDependency;
			target = 48AD58B52D5ADFA600AFC9D8 /* M-Commerce-App */;
			targetProxy = 48AD58C92D5ADFAA00AFC9D8 /* PBXContainerItemProxy */;
		};
		48AD58D42D5ADFAA00AFC9D8 /* PBXTargetDependency */ = {
			isa = PBXTargetDependency;
			target = 48AD58B52D5ADFA600AFC9D8 /* M-Commerce-App */;
			targetProxy = 48AD58D32D5ADFAA00AFC9D8 /* PBXContainerItemProxy */;
		};
/* End PBXTargetDependency section */

/* Begin XCBuildConfiguration section */
		48AD58DA2D5ADFAA00AFC9D8 /* Debug */ = {
			isa = XCBuildConfiguration;
			buildSettings = {
				ALWAYS_SEARCH_USER_PATHS = NO;
				ASSETCATALOG_COMPILER_GENERATE_SWIFT_ASSET_SYMBOL_EXTENSIONS = YES;
				CLANG_ANALYZER_NONNULL = YES;
				CLANG_ANALYZER_NUMBER_OBJECT_CONVERSION = YES_AGGRESSIVE;
				CLANG_CXX_LANGUAGE_STANDARD = "gnu++20";
				CLANG_ENABLE_MODULES = YES;
				CLANG_ENABLE_OBJC_ARC = YES;
				CLANG_ENABLE_OBJC_WEAK = YES;
				CLANG_WARN_BLOCK_CAPTURE_AUTORELEASING = YES;
				CLANG_WARN_BOOL_CONVERSION = YES;
				CLANG_WARN_COMMA = YES;
				CLANG_WARN_CONSTANT_CONVERSION = YES;
				CLANG_WARN_DEPRECATED_OBJC_IMPLEMENTATIONS = YES;
				CLANG_WARN_DIRECT_OBJC_ISA_USAGE = YES_ERROR;
				CLANG_WARN_DOCUMENTATION_COMMENTS = YES;
				CLANG_WARN_EMPTY_BODY = YES;
				CLANG_WARN_ENUM_CONVERSION = YES;
				CLANG_WARN_INFINITE_RECURSION = YES;
				CLANG_WARN_INT_CONVERSION = YES;
				CLANG_WARN_NON_LITERAL_NULL_CONVERSION = YES;
				CLANG_WARN_OBJC_IMPLICIT_RETAIN_SELF = YES;
				CLANG_WARN_OBJC_LITERAL_CONVERSION = YES;
				CLANG_WARN_OBJC_ROOT_CLASS = YES_ERROR;
				CLANG_WARN_QUOTED_INCLUDE_IN_FRAMEWORK_HEADER = YES;
				CLANG_WARN_RANGE_LOOP_ANALYSIS = YES;
				CLANG_WARN_STRICT_PROTOTYPES = YES;
				CLANG_WARN_SUSPICIOUS_MOVE = YES;
				CLANG_WARN_UNGUARDED_AVAILABILITY = YES_AGGRESSIVE;
				CLANG_WARN_UNREACHABLE_CODE = YES;
				CLANG_WARN__DUPLICATE_METHOD_MATCH = YES;
				COPY_PHASE_STRIP = NO;
				DEBUG_INFORMATION_FORMAT = dwarf;
				ENABLE_STRICT_OBJC_MSGSEND = YES;
				ENABLE_TESTABILITY = YES;
				ENABLE_USER_SCRIPT_SANDBOXING = YES;
				GCC_C_LANGUAGE_STANDARD = gnu17;
				GCC_DYNAMIC_NO_PIC = NO;
				GCC_NO_COMMON_BLOCKS = YES;
				GCC_OPTIMIZATION_LEVEL = 0;
				GCC_PREPROCESSOR_DEFINITIONS = (
					"DEBUG=1",
					"$(inherited)",
				);
				GCC_WARN_64_TO_32_BIT_CONVERSION = YES;
				GCC_WARN_ABOUT_RETURN_TYPE = YES_ERROR;
				GCC_WARN_UNDECLARED_SELECTOR = YES;
				GCC_WARN_UNINITIALIZED_AUTOS = YES_AGGRESSIVE;
				GCC_WARN_UNUSED_FUNCTION = YES;
				GCC_WARN_UNUSED_VARIABLE = YES;
				IPHONEOS_DEPLOYMENT_TARGET = 17.2;
				LOCALIZATION_PREFERS_STRING_CATALOGS = YES;
				MTL_ENABLE_DEBUG_INFO = INCLUDE_SOURCE;
				MTL_FAST_MATH = YES;
				ONLY_ACTIVE_ARCH = YES;
				SDKROOT = iphoneos;
				SWIFT_ACTIVE_COMPILATION_CONDITIONS = "DEBUG $(inherited)";
				SWIFT_OPTIMIZATION_LEVEL = "-Onone";
			};
			name = Debug;
		};
		48AD58DB2D5ADFAA00AFC9D8 /* Release */ = {
			isa = XCBuildConfiguration;
			buildSettings = {
				ALWAYS_SEARCH_USER_PATHS = NO;
				ASSETCATALOG_COMPILER_GENERATE_SWIFT_ASSET_SYMBOL_EXTENSIONS = YES;
				CLANG_ANALYZER_NONNULL = YES;
				CLANG_ANALYZER_NUMBER_OBJECT_CONVERSION = YES_AGGRESSIVE;
				CLANG_CXX_LANGUAGE_STANDARD = "gnu++20";
				CLANG_ENABLE_MODULES = YES;
				CLANG_ENABLE_OBJC_ARC = YES;
				CLANG_ENABLE_OBJC_WEAK = YES;
				CLANG_WARN_BLOCK_CAPTURE_AUTORELEASING = YES;
				CLANG_WARN_BOOL_CONVERSION = YES;
				CLANG_WARN_COMMA = YES;
				CLANG_WARN_CONSTANT_CONVERSION = YES;
				CLANG_WARN_DEPRECATED_OBJC_IMPLEMENTATIONS = YES;
				CLANG_WARN_DIRECT_OBJC_ISA_USAGE = YES_ERROR;
				CLANG_WARN_DOCUMENTATION_COMMENTS = YES;
				CLANG_WARN_EMPTY_BODY = YES;
				CLANG_WARN_ENUM_CONVERSION = YES;
				CLANG_WARN_INFINITE_RECURSION = YES;
				CLANG_WARN_INT_CONVERSION = YES;
				CLANG_WARN_NON_LITERAL_NULL_CONVERSION = YES;
				CLANG_WARN_OBJC_IMPLICIT_RETAIN_SELF = YES;
				CLANG_WARN_OBJC_LITERAL_CONVERSION = YES;
				CLANG_WARN_OBJC_ROOT_CLASS = YES_ERROR;
				CLANG_WARN_QUOTED_INCLUDE_IN_FRAMEWORK_HEADER = YES;
				CLANG_WARN_RANGE_LOOP_ANALYSIS = YES;
				CLANG_WARN_STRICT_PROTOTYPES = YES;
				CLANG_WARN_SUSPICIOUS_MOVE = YES;
				CLANG_WARN_UNGUARDED_AVAILABILITY = YES_AGGRESSIVE;
				CLANG_WARN_UNREACHABLE_CODE = YES;
				CLANG_WARN__DUPLICATE_METHOD_MATCH = YES;
				COPY_PHASE_STRIP = NO;
				DEBUG_INFORMATION_FORMAT = "dwarf-with-dsym";
				ENABLE_NS_ASSERTIONS = NO;
				ENABLE_STRICT_OBJC_MSGSEND = YES;
				ENABLE_USER_SCRIPT_SANDBOXING = YES;
				GCC_C_LANGUAGE_STANDARD = gnu17;
				GCC_NO_COMMON_BLOCKS = YES;
				GCC_WARN_64_TO_32_BIT_CONVERSION = YES;
				GCC_WARN_ABOUT_RETURN_TYPE = YES_ERROR;
				GCC_WARN_UNDECLARED_SELECTOR = YES;
				GCC_WARN_UNINITIALIZED_AUTOS = YES_AGGRESSIVE;
				GCC_WARN_UNUSED_FUNCTION = YES;
				GCC_WARN_UNUSED_VARIABLE = YES;
				IPHONEOS_DEPLOYMENT_TARGET = 17.2;
				LOCALIZATION_PREFERS_STRING_CATALOGS = YES;
				MTL_ENABLE_DEBUG_INFO = NO;
				MTL_FAST_MATH = YES;
				SDKROOT = iphoneos;
				SWIFT_COMPILATION_MODE = wholemodule;
				VALIDATE_PRODUCT = YES;
			};
			name = Release;
		};
		48AD58DD2D5ADFAA00AFC9D8 /* Debug */ = {
			isa = XCBuildConfiguration;
			buildSettings = {
				ASSETCATALOG_COMPILER_APPICON_NAME = AppIcon;
				ASSETCATALOG_COMPILER_GLOBAL_ACCENT_COLOR_NAME = AccentColor;
				CODE_SIGN_STYLE = Automatic;
				CURRENT_PROJECT_VERSION = 1;
				DEVELOPMENT_ASSET_PATHS = "\"M-Commerce-App/Preview Content\"";
				ENABLE_PREVIEWS = YES;
				GENERATE_INFOPLIST_FILE = YES;
				INFOPLIST_KEY_UIApplicationSceneManifest_Generation = YES;
				INFOPLIST_KEY_UIApplicationSupportsIndirectInputEvents = YES;
				INFOPLIST_KEY_UILaunchScreen_Generation = YES;
				INFOPLIST_KEY_UISupportedInterfaceOrientations_iPad = "UIInterfaceOrientationPortrait UIInterfaceOrientationPortraitUpsideDown UIInterfaceOrientationLandscapeLeft UIInterfaceOrientationLandscapeRight";
				INFOPLIST_KEY_UISupportedInterfaceOrientations_iPhone = "UIInterfaceOrientationPortrait UIInterfaceOrientationLandscapeLeft UIInterfaceOrientationLandscapeRight";
				LD_RUNPATH_SEARCH_PATHS = (
					"$(inherited)",
					"@executable_path/Frameworks",
				);
				MARKETING_VERSION = 1.0;
				PRODUCT_BUNDLE_IDENTIFIER = "com.M-Commerce-App";
				PRODUCT_NAME = "$(TARGET_NAME)";
				SWIFT_EMIT_LOC_STRINGS = YES;
				SWIFT_VERSION = 5.0;
				TARGETED_DEVICE_FAMILY = "1,2";
			};
			name = Debug;
		};
		48AD58DE2D5ADFAA00AFC9D8 /* Release */ = {
			isa = XCBuildConfiguration;
			buildSettings = {
				ASSETCATALOG_COMPILER_APPICON_NAME = AppIcon;
				ASSETCATALOG_COMPILER_GLOBAL_ACCENT_COLOR_NAME = AccentColor;
				CODE_SIGN_STYLE = Automatic;
				CURRENT_PROJECT_VERSION = 1;
				DEVELOPMENT_ASSET_PATHS = "\"M-Commerce-App/Preview Content\"";
				ENABLE_PREVIEWS = YES;
				GENERATE_INFOPLIST_FILE = YES;
				INFOPLIST_KEY_UIApplicationSceneManifest_Generation = YES;
				INFOPLIST_KEY_UIApplicationSupportsIndirectInputEvents = YES;
				INFOPLIST_KEY_UILaunchScreen_Generation = YES;
				INFOPLIST_KEY_UISupportedInterfaceOrientations_iPad = "UIInterfaceOrientationPortrait UIInterfaceOrientationPortraitUpsideDown UIInterfaceOrientationLandscapeLeft UIInterfaceOrientationLandscapeRight";
				INFOPLIST_KEY_UISupportedInterfaceOrientations_iPhone = "UIInterfaceOrientationPortrait UIInterfaceOrientationLandscapeLeft UIInterfaceOrientationLandscapeRight";
				LD_RUNPATH_SEARCH_PATHS = (
					"$(inherited)",
					"@executable_path/Frameworks",
				);
				MARKETING_VERSION = 1.0;
				PRODUCT_BUNDLE_IDENTIFIER = "com.M-Commerce-App";
				PRODUCT_NAME = "$(TARGET_NAME)";
				SWIFT_EMIT_LOC_STRINGS = YES;
				SWIFT_VERSION = 5.0;
				TARGETED_DEVICE_FAMILY = "1,2";
			};
			name = Release;
		};
		48AD58E02D5ADFAA00AFC9D8 /* Debug */ = {
			isa = XCBuildConfiguration;
			buildSettings = {
				ALWAYS_EMBED_SWIFT_STANDARD_LIBRARIES = YES;
				BUNDLE_LOADER = "$(TEST_HOST)";
				CODE_SIGN_STYLE = Automatic;
				CURRENT_PROJECT_VERSION = 1;
				GENERATE_INFOPLIST_FILE = YES;
				IPHONEOS_DEPLOYMENT_TARGET = 17.2;
				MARKETING_VERSION = 1.0;
				PRODUCT_BUNDLE_IDENTIFIER = "com.M-Commerce-AppTests";
				PRODUCT_NAME = "$(TARGET_NAME)";
				SWIFT_EMIT_LOC_STRINGS = NO;
				SWIFT_VERSION = 5.0;
				TARGETED_DEVICE_FAMILY = "1,2";
				TEST_HOST = "$(BUILT_PRODUCTS_DIR)/M-Commerce-App.app/$(BUNDLE_EXECUTABLE_FOLDER_PATH)/M-Commerce-App";
			};
			name = Debug;
		};
		48AD58E12D5ADFAA00AFC9D8 /* Release */ = {
			isa = XCBuildConfiguration;
			buildSettings = {
				ALWAYS_EMBED_SWIFT_STANDARD_LIBRARIES = YES;
				BUNDLE_LOADER = "$(TEST_HOST)";
				CODE_SIGN_STYLE = Automatic;
				CURRENT_PROJECT_VERSION = 1;
				GENERATE_INFOPLIST_FILE = YES;
				IPHONEOS_DEPLOYMENT_TARGET = 17.2;
				MARKETING_VERSION = 1.0;
				PRODUCT_BUNDLE_IDENTIFIER = "com.M-Commerce-AppTests";
				PRODUCT_NAME = "$(TARGET_NAME)";
				SWIFT_EMIT_LOC_STRINGS = NO;
				SWIFT_VERSION = 5.0;
				TARGETED_DEVICE_FAMILY = "1,2";
				TEST_HOST = "$(BUILT_PRODUCTS_DIR)/M-Commerce-App.app/$(BUNDLE_EXECUTABLE_FOLDER_PATH)/M-Commerce-App";
			};
			name = Release;
		};
		48AD58E32D5ADFAA00AFC9D8 /* Debug */ = {
			isa = XCBuildConfiguration;
			buildSettings = {
				ALWAYS_EMBED_SWIFT_STANDARD_LIBRARIES = YES;
				CODE_SIGN_STYLE = Automatic;
				CURRENT_PROJECT_VERSION = 1;
				GENERATE_INFOPLIST_FILE = YES;
				MARKETING_VERSION = 1.0;
				PRODUCT_BUNDLE_IDENTIFIER = "com.M-Commerce-AppUITests";
				PRODUCT_NAME = "$(TARGET_NAME)";
				SWIFT_EMIT_LOC_STRINGS = NO;
				SWIFT_VERSION = 5.0;
				TARGETED_DEVICE_FAMILY = "1,2";
				TEST_TARGET_NAME = "M-Commerce-App";
			};
			name = Debug;
		};
		48AD58E42D5ADFAA00AFC9D8 /* Release */ = {
			isa = XCBuildConfiguration;
			buildSettings = {
				ALWAYS_EMBED_SWIFT_STANDARD_LIBRARIES = YES;
				CODE_SIGN_STYLE = Automatic;
				CURRENT_PROJECT_VERSION = 1;
				GENERATE_INFOPLIST_FILE = YES;
				MARKETING_VERSION = 1.0;
				PRODUCT_BUNDLE_IDENTIFIER = "com.M-Commerce-AppUITests";
				PRODUCT_NAME = "$(TARGET_NAME)";
				SWIFT_EMIT_LOC_STRINGS = NO;
				SWIFT_VERSION = 5.0;
				TARGETED_DEVICE_FAMILY = "1,2";
				TEST_TARGET_NAME = "M-Commerce-App";
			};
			name = Release;
		};
/* End XCBuildConfiguration section */

/* Begin XCConfigurationList section */
		48AD58B12D5ADFA600AFC9D8 /* Build configuration list for PBXProject "M-Commerce-App" */ = {
			isa = XCConfigurationList;
			buildConfigurations = (
				48AD58DA2D5ADFAA00AFC9D8 /* Debug */,
				48AD58DB2D5ADFAA00AFC9D8 /* Release */,
			);
			defaultConfigurationIsVisible = 0;
			defaultConfigurationName = Release;
		};
		48AD58DC2D5ADFAA00AFC9D8 /* Build configuration list for PBXNativeTarget "M-Commerce-App" */ = {
			isa = XCConfigurationList;
			buildConfigurations = (
				48AD58DD2D5ADFAA00AFC9D8 /* Debug */,
				48AD58DE2D5ADFAA00AFC9D8 /* Release */,
			);
			defaultConfigurationIsVisible = 0;
			defaultConfigurationName = Release;
		};
		48AD58DF2D5ADFAA00AFC9D8 /* Build configuration list for PBXNativeTarget "M-Commerce-AppTests" */ = {
			isa = XCConfigurationList;
			buildConfigurations = (
				48AD58E02D5ADFAA00AFC9D8 /* Debug */,
				48AD58E12D5ADFAA00AFC9D8 /* Release */,
			);
			defaultConfigurationIsVisible = 0;
			defaultConfigurationName = Release;
		};
		48AD58E22D5ADFAA00AFC9D8 /* Build configuration list for PBXNativeTarget "M-Commerce-AppUITests" */ = {
			isa = XCConfigurationList;
			buildConfigurations = (
				48AD58E32D5ADFAA00AFC9D8 /* Debug */,
				48AD58E42D5ADFAA00AFC9D8 /* Release */,
			);
			defaultConfigurationIsVisible = 0;
			defaultConfigurationName = Release;
		};
/* End XCConfigurationList section */
	};
	rootObject = 48AD58AE2D5ADFA600AFC9D8 /* Project object */;
}
