// !$*UTF8*$!
{
	archiveVersion = 1;
	classes = {
	};
	objectVersion = 60;
	objects = {

/* Begin PBXBuildFile section */
		48F009F02D5C94F9002A016E /* M_Commerce_AppApp.swift in Sources */ = {isa = PBXBuildFile; fileRef = 48F009EF2D5C94F9002A016E /* M_Commerce_AppApp.swift */; };
		48F009F42D5C94F9002A016E /* Item.swift in Sources */ = {isa = PBXBuildFile; fileRef = 48F009F32D5C94F9002A016E /* Item.swift */; };
		48F009F62D5C94FF002A016E /* Assets.xcassets in Resources */ = {isa = PBXBuildFile; fileRef = 48F009F52D5C94FF002A016E /* Assets.xcassets */; };
		48F009F92D5C94FF002A016E /* Preview Assets.xcassets in Resources */ = {isa = PBXBuildFile; fileRef = 48F009F82D5C94FF002A016E /* Preview Assets.xcassets */; };
		48F00A032D5C9500002A016E /* M_Commerce_AppTests.swift in Sources */ = {isa = PBXBuildFile; fileRef = 48F00A022D5C9500002A016E /* M_Commerce_AppTests.swift */; };
		48F00A0D2D5C9501002A016E /* M_Commerce_AppUITests.swift in Sources */ = {isa = PBXBuildFile; fileRef = 48F00A0C2D5C9501002A016E /* M_Commerce_AppUITests.swift */; };
		48F00A0F2D5C9501002A016E /* M_Commerce_AppUITestsLaunchTests.swift in Sources */ = {isa = PBXBuildFile; fileRef = 48F00A0E2D5C9501002A016E /* M_Commerce_AppUITestsLaunchTests.swift */; };
		890D86BE2D5CD3EF0062E8D1 /* Apollo in Frameworks */ = {isa = PBXBuildFile; productRef = 890D86BD2D5CD3EF0062E8D1 /* Apollo */; };
		890D86C62D5CD4B90062E8D1 /* schema.graphqls in Resources */ = {isa = PBXBuildFile; fileRef = 890D86C22D5CD4B90062E8D1 /* schema.graphqls */; };
		890D86C92D5CD5320062E8D1 /* ShopifyAPIKit in Frameworks */ = {isa = PBXBuildFile; productRef = 890D86C82D5CD5320062E8D1 /* ShopifyAPIKit */; };
		890D86CC2D5CD55E0062E8D1 /* ApolloNetwokService.swift in Sources */ = {isa = PBXBuildFile; fileRef = 890D86CA2D5CD55E0062E8D1 /* ApolloNetwokService.swift */; };
		890D86D72D5CF07D0062E8D1 /* GetCollection.graphql in Resources */ = {isa = PBXBuildFile; fileRef = 890D86D62D5CF07D0062E8D1 /* GetCollection.graphql */; };
		890D86E12D5CF63A0062E8D1 /* GetCollections.graphql in Resources */ = {isa = PBXBuildFile; fileRef = 890D86E02D5CF63A0062E8D1 /* GetCollections.graphql */; };
		890D86E42D5CFF220062E8D1 /* PageInfo.swift in Sources */ = {isa = PBXBuildFile; fileRef = 890D86E32D5CFF170062E8D1 /* PageInfo.swift */; };
		890D870F2D5D25500062E8D1 /* StarRatingView.swift in Sources */ = {isa = PBXBuildFile; fileRef = 890D870E2D5D25500062E8D1 /* StarRatingView.swift */; };
		890D873C2D5D2BC20062E8D1 /* FavoriteButtonView.swift in Sources */ = {isa = PBXBuildFile; fileRef = 890D873B2D5D2BC20062E8D1 /* FavoriteButtonView.swift */; };
		890D87402D5D40A30062E8D1 /* CustomRoundedButtonView.swift in Sources */ = {isa = PBXBuildFile; fileRef = 890D873F2D5D40A30062E8D1 /* CustomRoundedButtonView.swift */; };
		890D87422D5D43F70062E8D1 /* CustomStepper.swift in Sources */ = {isa = PBXBuildFile; fileRef = 890D87412D5D43F70062E8D1 /* CustomStepper.swift */; };
		890D87552D5D55C00062E8D1 /* ReadMoreText.swift in Sources */ = {isa = PBXBuildFile; fileRef = 890D87542D5D55C00062E8D1 /* ReadMoreText.swift */; };
		890D87572D5D5DF60062E8D1 /* GetProduct.graphql in Sources */ = {isa = PBXBuildFile; fileRef = 890D87562D5D5DEE0062E8D1 /* GetProduct.graphql */; };
		890D87BD2D5DF66C0062E8D1 /* ProductCardView.swift in Sources */ = {isa = PBXBuildFile; fileRef = 890D87AA2D5DF66C0062E8D1 /* ProductCardView.swift */; };
		890D87BE2D5DF66C0062E8D1 /* CategorieView.swift in Sources */ = {isa = PBXBuildFile; fileRef = 890D879D2D5DF66C0062E8D1 /* CategorieView.swift */; };
		890D87BF2D5DF66C0062E8D1 /* ProductsSubView.swift in Sources */ = {isa = PBXBuildFile; fileRef = 890D879C2D5DF66C0062E8D1 /* ProductsSubView.swift */; };
		890D87C02D5DF66C0062E8D1 /* Testing.swift in Sources */ = {isa = PBXBuildFile; fileRef = 890D87982D5DF66C0062E8D1 /* Testing.swift */; };
		890D87C12D5DF66C0062E8D1 /* favoritesService.swift in Sources */ = {isa = PBXBuildFile; fileRef = 890D87A72D5DF66C0062E8D1 /* favoritesService.swift */; };
		890D87C22D5DF66C0062E8D1 /* RowCard.swift in Sources */ = {isa = PBXBuildFile; fileRef = 890D87892D5DF66C0062E8D1 /* RowCard.swift */; };
		890D87C32D5DF66C0062E8D1 /* AdViewModel.swift in Sources */ = {isa = PBXBuildFile; fileRef = 890D87A22D5DF66C0062E8D1 /* AdViewModel.swift */; };
		890D87C42D5DF66C0062E8D1 /* ShoppingCartViewModel.swift in Sources */ = {isa = PBXBuildFile; fileRef = 890D87842D5DF66C0062E8D1 /* ShoppingCartViewModel.swift */; };
		890D87C52D5DF66C0062E8D1 /* Cart.swift in Sources */ = {isa = PBXBuildFile; fileRef = 890D87822D5DF66C0062E8D1 /* Cart.swift */; };
		890D87C62D5DF66C0062E8D1 /* FilterBar.swift in Sources */ = {isa = PBXBuildFile; fileRef = 890D879B2D5DF66C0062E8D1 /* FilterBar.swift */; };
		890D87C72D5DF66C0062E8D1 /* BrandsModel.swift in Sources */ = {isa = PBXBuildFile; fileRef = 890D87B02D5DF66C0062E8D1 /* BrandsModel.swift */; };
		890D87C82D5DF66C0062E8D1 /* HeaderView.swift in Sources */ = {isa = PBXBuildFile; fileRef = 890D87B72D5DF66C0062E8D1 /* HeaderView.swift */; };
		890D87C92D5DF66C0062E8D1 /* BrandsViewModel.swift in Sources */ = {isa = PBXBuildFile; fileRef = 890D87AE2D5DF66C0062E8D1 /* BrandsViewModel.swift */; };
		890D87CA2D5DF66C0062E8D1 /* FavoritesView.swift in Sources */ = {isa = PBXBuildFile; fileRef = 890D87AC2D5DF66C0062E8D1 /* FavoritesView.swift */; };
		890D87CB2D5DF66C0062E8D1 /* CheckOutComponent.swift in Sources */ = {isa = PBXBuildFile; fileRef = 890D87862D5DF66C0062E8D1 /* CheckOutComponent.swift */; };
		890D87CC2D5DF66C0062E8D1 /* NumberOfItems.swift in Sources */ = {isa = PBXBuildFile; fileRef = 890D87872D5DF66C0062E8D1 /* NumberOfItems.swift */; };
		890D87CD2D5DF66C0062E8D1 /* ProductResponse.swift in Sources */ = {isa = PBXBuildFile; fileRef = 890D87912D5DF66C0062E8D1 /* ProductResponse.swift */; };
		890D87CE2D5DF66C0062E8D1 /* ProductService.swift in Sources */ = {isa = PBXBuildFile; fileRef = 890D878F2D5DF66C0062E8D1 /* ProductService.swift */; };
		890D87CF2D5DF66C0062E8D1 /* BrandsView.swift in Sources */ = {isa = PBXBuildFile; fileRef = 890D87B62D5DF66C0062E8D1 /* BrandsView.swift */; };
		890D87D02D5DF66C0062E8D1 /* ShoppingView.swift in Sources */ = {isa = PBXBuildFile; fileRef = 890D878C2D5DF66C0062E8D1 /* ShoppingView.swift */; };
		890D87D12D5DF66C0062E8D1 /* ButtonView.swift in Sources */ = {isa = PBXBuildFile; fileRef = 890D87B22D5DF66C0062E8D1 /* ButtonView.swift */; };
		890D87D22D5DF66C0062E8D1 /* ViewModelTest.swift in Sources */ = {isa = PBXBuildFile; fileRef = 890D87992D5DF66C0062E8D1 /* ViewModelTest.swift */; };
		890D87D32D5DF66C0062E8D1 /* HomePageView.swift in Sources */ = {isa = PBXBuildFile; fileRef = 890D87B92D5DF66C0062E8D1 /* HomePageView.swift */; };
		890D87D42D5DF66C0062E8D1 /* imageCard.swift in Sources */ = {isa = PBXBuildFile; fileRef = 890D878A2D5DF66C0062E8D1 /* imageCard.swift */; };
		890D87D52D5DF66C0062E8D1 /* ProductViewModel.swift in Sources */ = {isa = PBXBuildFile; fileRef = 890D87932D5DF66C0062E8D1 /* ProductViewModel.swift */; };
		890D87D62D5DF66C0062E8D1 /* AdCardView.swift in Sources */ = {isa = PBXBuildFile; fileRef = 890D87A42D5DF66C0062E8D1 /* AdCardView.swift */; };
		890D87D72D5DF66C0062E8D1 /* AdModel.swift in Sources */ = {isa = PBXBuildFile; fileRef = 890D87A02D5DF66C0062E8D1 /* AdModel.swift */; };
		890D87D82D5DF66C0062E8D1 /* DeleteButton.swift in Sources */ = {isa = PBXBuildFile; fileRef = 890D87882D5DF66C0062E8D1 /* DeleteButton.swift */; };
		890D87D92D5DF66C0062E8D1 /* BrandCard.swift in Sources */ = {isa = PBXBuildFile; fileRef = 890D87B52D5DF66C0062E8D1 /* BrandCard.swift */; };
		890D87DA2D5DF66C0062E8D1 /* ProductInfoView.swift in Sources */ = {isa = PBXBuildFile; fileRef = 890D87952D5DF66C0062E8D1 /* ProductInfoView.swift */; };
		890D87DB2D5DF66C0062E8D1 /* PopupCircleView.swift in Sources */ = {isa = PBXBuildFile; fileRef = 890D87B32D5DF66C0062E8D1 /* PopupCircleView.swift */; };
		89D508432D5C0CD400046FA9 /* ContentView.swift in Sources */ = {isa = PBXBuildFile; fileRef = 89D508352D5C0CD400046FA9 /* ContentView.swift */; };
		89D5084A2D5C10C600046FA9 /* CustomNetworkImageView.swift in Sources */ = {isa = PBXBuildFile; fileRef = 89D508452D5C10C600046FA9 /* CustomNetworkImageView.swift */; };
		89D5084B2D5C10C600046FA9 /* CustomSearchBarView.swift in Sources */ = {isa = PBXBuildFile; fileRef = 89D508462D5C10C600046FA9 /* CustomSearchBarView.swift */; };
		89D5084C2D5C10C600046FA9 /* ShimmerView.swift in Sources */ = {isa = PBXBuildFile; fileRef = 89D508472D5C10C600046FA9 /* ShimmerView.swift */; };
		89D5084F2D5C10CA00046FA9 /* ThemeManager.swift in Sources */ = {isa = PBXBuildFile; fileRef = 89D5084D2D5C10CA00046FA9 /* ThemeManager.swift */; };
		89EE56E32D5E322700B05457 /* GetProductQuery.swift in Sources */ = {isa = PBXBuildFile; fileRef = 89EE56E22D5E321800B05457 /* GetProductQuery.swift */; };
		C44BEDA32D5D17E10022B603 /* Collection.swift in Sources */ = {isa = PBXBuildFile; fileRef = C44BEDA22D5D17E10022B603 /* Collection.swift */; };
		C44BEDA72D5D198F0022B603 /* ImgModel.swift in Sources */ = {isa = PBXBuildFile; fileRef = C44BEDA62D5D198F0022B603 /* ImgModel.swift */; };
		C44BEDAE2D5D1F540022B603 /* Product.swift in Sources */ = {isa = PBXBuildFile; fileRef = C44BEDAD2D5D1F540022B603 /* Product.swift */; };
		C44BEDB02D5D1FC80022B603 /* Price.swift in Sources */ = {isa = PBXBuildFile; fileRef = C44BEDAF2D5D1FC80022B603 /* Price.swift */; };
		C44BEDB22D5D1FD70022B603 /* PriceRange.swift in Sources */ = {isa = PBXBuildFile; fileRef = C44BEDB12D5D1FD70022B603 /* PriceRange.swift */; };
		C44BEDDC2D5D2F9B0022B603 /* GetAllTheProducts.graphql in Resources */ = {isa = PBXBuildFile; fileRef = C44BEDDB2D5D2F870022B603 /* GetAllTheProducts.graphql */; };
		C4BC560C2D5F631B00F9D42A /* GetFilteredProducts.swift in Sources */ = {isa = PBXBuildFile; fileRef = C4BC560B2D5F631B00F9D42A /* GetFilteredProducts.swift */; };
		C4BC56142D5F8EE600F9D42A /* ProductsModel.swift in Sources */ = {isa = PBXBuildFile; fileRef = C4BC56132D5F8EE600F9D42A /* ProductsModel.swift */; };
		C4BC56162D5F8EF400F9D42A /* ProductsViewModel.swift in Sources */ = {isa = PBXBuildFile; fileRef = C4BC56152D5F8EF400F9D42A /* ProductsViewModel.swift */; };
		C4BC561A2D5F8F2F00F9D42A /* ProductsView.swift in Sources */ = {isa = PBXBuildFile; fileRef = C4BC56192D5F8F2F00F9D42A /* ProductsView.swift */; };
		C4BC561C2D5F937C00F9D42A /* FlatFilterBar.swift in Sources */ = {isa = PBXBuildFile; fileRef = C4BC561B2D5F937C00F9D42A /* FlatFilterBar.swift */; };
		C4BC561E2D5F96DC00F9D42A /* FlatFilterButton.swift in Sources */ = {isa = PBXBuildFile; fileRef = C4BC561D2D5F96DB00F9D42A /* FlatFilterButton.swift */; };
		C4BC56202D5FD70300F9D42A /* BrandsGrid.swift in Sources */ = {isa = PBXBuildFile; fileRef = C4BC561F2D5FD70300F9D42A /* BrandsGrid.swift */; };
		C4F3FC712D5E679A005151E9 /* GetProductsTypes.graphql in Resources */ = {isa = PBXBuildFile; fileRef = C4F3FC702D5E6783005151E9 /* GetProductsTypes.graphql */; };
		C4F3FC732D5E6812005151E9 /* GetProductsTags.graphql in Resources */ = {isa = PBXBuildFile; fileRef = C4F3FC722D5E6805005151E9 /* GetProductsTags.graphql */; };
		C4F3FC7B2D5E88CC005151E9 /* CategoriesModel.swift in Sources */ = {isa = PBXBuildFile; fileRef = C4F3FC7A2D5E88CC005151E9 /* CategoriesModel.swift */; };
		C4F3FC7D2D5E9256005151E9 /* CategoriesViewModel.swift in Sources */ = {isa = PBXBuildFile; fileRef = C4F3FC7C2D5E9256005151E9 /* CategoriesViewModel.swift */; };
		C4F3FC7F2D5EA788005151E9 /* GetFilteredProducts.graphql in Resources */ = {isa = PBXBuildFile; fileRef = C4F3FC7E2D5EA76D005151E9 /* GetFilteredProducts.graphql */; };
/* End PBXBuildFile section */

/* Begin PBXContainerItemProxy section */
		48F009FF2D5C9500002A016E /* PBXContainerItemProxy */ = {
			isa = PBXContainerItemProxy;
			containerPortal = 48F009E42D5C94F9002A016E /* Project object */;
			proxyType = 1;
			remoteGlobalIDString = 48F009EB2D5C94F9002A016E;
			remoteInfo = "M-Commerce-App";
		};
		48F00A092D5C9501002A016E /* PBXContainerItemProxy */ = {
			isa = PBXContainerItemProxy;
			containerPortal = 48F009E42D5C94F9002A016E /* Project object */;
			proxyType = 1;
			remoteGlobalIDString = 48F009EB2D5C94F9002A016E;
			remoteInfo = "M-Commerce-App";
		};
/* End PBXContainerItemProxy section */

/* Begin PBXFileReference section */
		48F009EC2D5C94F9002A016E /* M-Commerce-App.app */ = {isa = PBXFileReference; explicitFileType = wrapper.application; includeInIndex = 0; path = "M-Commerce-App.app"; sourceTree = BUILT_PRODUCTS_DIR; };
		48F009EF2D5C94F9002A016E /* M_Commerce_AppApp.swift */ = {isa = PBXFileReference; lastKnownFileType = sourcecode.swift; path = M_Commerce_AppApp.swift; sourceTree = "<group>"; };
		48F009F32D5C94F9002A016E /* Item.swift */ = {isa = PBXFileReference; lastKnownFileType = sourcecode.swift; path = Item.swift; sourceTree = "<group>"; };
		48F009F52D5C94FF002A016E /* Assets.xcassets */ = {isa = PBXFileReference; lastKnownFileType = folder.assetcatalog; path = Assets.xcassets; sourceTree = "<group>"; };
		48F009F82D5C94FF002A016E /* Preview Assets.xcassets */ = {isa = PBXFileReference; lastKnownFileType = folder.assetcatalog; path = "Preview Assets.xcassets"; sourceTree = "<group>"; };
		48F009FE2D5C9500002A016E /* M-Commerce-AppTests.xctest */ = {isa = PBXFileReference; explicitFileType = wrapper.cfbundle; includeInIndex = 0; path = "M-Commerce-AppTests.xctest"; sourceTree = BUILT_PRODUCTS_DIR; };
		48F00A022D5C9500002A016E /* M_Commerce_AppTests.swift */ = {isa = PBXFileReference; lastKnownFileType = sourcecode.swift; path = M_Commerce_AppTests.swift; sourceTree = "<group>"; };
		48F00A082D5C9501002A016E /* M-Commerce-AppUITests.xctest */ = {isa = PBXFileReference; explicitFileType = wrapper.cfbundle; includeInIndex = 0; path = "M-Commerce-AppUITests.xctest"; sourceTree = BUILT_PRODUCTS_DIR; };
		48F00A0C2D5C9501002A016E /* M_Commerce_AppUITests.swift */ = {isa = PBXFileReference; lastKnownFileType = sourcecode.swift; path = M_Commerce_AppUITests.swift; sourceTree = "<group>"; };
		48F00A0E2D5C9501002A016E /* M_Commerce_AppUITestsLaunchTests.swift */ = {isa = PBXFileReference; lastKnownFileType = sourcecode.swift; path = M_Commerce_AppUITestsLaunchTests.swift; sourceTree = "<group>"; };
		890D86C22D5CD4B90062E8D1 /* schema.graphqls */ = {isa = PBXFileReference; lastKnownFileType = text; path = schema.graphqls; sourceTree = "<group>"; };
		890D86CA2D5CD55E0062E8D1 /* ApolloNetwokService.swift */ = {isa = PBXFileReference; lastKnownFileType = sourcecode.swift; path = ApolloNetwokService.swift; sourceTree = "<group>"; };
		890D86D62D5CF07D0062E8D1 /* GetCollection.graphql */ = {isa = PBXFileReference; lastKnownFileType = text; path = GetCollection.graphql; sourceTree = "<group>"; };
		890D86E02D5CF63A0062E8D1 /* GetCollections.graphql */ = {isa = PBXFileReference; lastKnownFileType = text; path = GetCollections.graphql; sourceTree = "<group>"; };
		890D86E32D5CFF170062E8D1 /* PageInfo.swift */ = {isa = PBXFileReference; lastKnownFileType = sourcecode.swift; path = PageInfo.swift; sourceTree = "<group>"; };
		890D870E2D5D25500062E8D1 /* StarRatingView.swift */ = {isa = PBXFileReference; lastKnownFileType = sourcecode.swift; path = StarRatingView.swift; sourceTree = "<group>"; };
		890D873B2D5D2BC20062E8D1 /* FavoriteButtonView.swift */ = {isa = PBXFileReference; lastKnownFileType = sourcecode.swift; path = FavoriteButtonView.swift; sourceTree = "<group>"; };
		890D873F2D5D40A30062E8D1 /* CustomRoundedButtonView.swift */ = {isa = PBXFileReference; lastKnownFileType = sourcecode.swift; path = CustomRoundedButtonView.swift; sourceTree = "<group>"; };
		890D87412D5D43F70062E8D1 /* CustomStepper.swift */ = {isa = PBXFileReference; lastKnownFileType = sourcecode.swift; path = CustomStepper.swift; sourceTree = "<group>"; };
		890D87542D5D55C00062E8D1 /* ReadMoreText.swift */ = {isa = PBXFileReference; lastKnownFileType = sourcecode.swift; path = ReadMoreText.swift; sourceTree = "<group>"; };
		890D87562D5D5DEE0062E8D1 /* GetProduct.graphql */ = {isa = PBXFileReference; lastKnownFileType = text; path = GetProduct.graphql; sourceTree = "<group>"; };
		890D87822D5DF66C0062E8D1 /* Cart.swift */ = {isa = PBXFileReference; lastKnownFileType = sourcecode.swift; path = Cart.swift; sourceTree = "<group>"; };
		890D87842D5DF66C0062E8D1 /* ShoppingCartViewModel.swift */ = {isa = PBXFileReference; lastKnownFileType = sourcecode.swift; path = ShoppingCartViewModel.swift; sourceTree = "<group>"; };
		890D87862D5DF66C0062E8D1 /* CheckOutComponent.swift */ = {isa = PBXFileReference; lastKnownFileType = sourcecode.swift; path = CheckOutComponent.swift; sourceTree = "<group>"; };
		890D87872D5DF66C0062E8D1 /* NumberOfItems.swift */ = {isa = PBXFileReference; lastKnownFileType = sourcecode.swift; path = NumberOfItems.swift; sourceTree = "<group>"; };
		890D87882D5DF66C0062E8D1 /* DeleteButton.swift */ = {isa = PBXFileReference; lastKnownFileType = sourcecode.swift; path = DeleteButton.swift; sourceTree = "<group>"; };
		890D87892D5DF66C0062E8D1 /* RowCard.swift */ = {isa = PBXFileReference; lastKnownFileType = sourcecode.swift; path = RowCard.swift; sourceTree = "<group>"; };
		890D878A2D5DF66C0062E8D1 /* imageCard.swift */ = {isa = PBXFileReference; lastKnownFileType = sourcecode.swift; path = imageCard.swift; sourceTree = "<group>"; };
		890D878C2D5DF66C0062E8D1 /* ShoppingView.swift */ = {isa = PBXFileReference; lastKnownFileType = sourcecode.swift; path = ShoppingView.swift; sourceTree = "<group>"; };
		890D878F2D5DF66C0062E8D1 /* ProductService.swift */ = {isa = PBXFileReference; lastKnownFileType = sourcecode.swift; path = ProductService.swift; sourceTree = "<group>"; };
		890D87912D5DF66C0062E8D1 /* ProductResponse.swift */ = {isa = PBXFileReference; lastKnownFileType = sourcecode.swift; path = ProductResponse.swift; sourceTree = "<group>"; };
		890D87932D5DF66C0062E8D1 /* ProductViewModel.swift */ = {isa = PBXFileReference; lastKnownFileType = sourcecode.swift; path = ProductViewModel.swift; sourceTree = "<group>"; };
		890D87952D5DF66C0062E8D1 /* ProductInfoView.swift */ = {isa = PBXFileReference; lastKnownFileType = sourcecode.swift; path = ProductInfoView.swift; sourceTree = "<group>"; };
		890D87982D5DF66C0062E8D1 /* Testing.swift */ = {isa = PBXFileReference; lastKnownFileType = sourcecode.swift; path = Testing.swift; sourceTree = "<group>"; };
		890D87992D5DF66C0062E8D1 /* ViewModelTest.swift */ = {isa = PBXFileReference; lastKnownFileType = sourcecode.swift; path = ViewModelTest.swift; sourceTree = "<group>"; };
		890D879B2D5DF66C0062E8D1 /* FilterBar.swift */ = {isa = PBXFileReference; lastKnownFileType = sourcecode.swift; path = FilterBar.swift; sourceTree = "<group>"; };
		890D879C2D5DF66C0062E8D1 /* ProductsSubView.swift */ = {isa = PBXFileReference; lastKnownFileType = sourcecode.swift; path = ProductsSubView.swift; sourceTree = "<group>"; };
		890D879D2D5DF66C0062E8D1 /* CategorieView.swift */ = {isa = PBXFileReference; lastKnownFileType = sourcecode.swift; path = CategorieView.swift; sourceTree = "<group>"; };
		890D87A02D5DF66C0062E8D1 /* AdModel.swift */ = {isa = PBXFileReference; lastKnownFileType = sourcecode.swift; path = AdModel.swift; sourceTree = "<group>"; };
		890D87A22D5DF66C0062E8D1 /* AdViewModel.swift */ = {isa = PBXFileReference; lastKnownFileType = sourcecode.swift; path = AdViewModel.swift; sourceTree = "<group>"; };
		890D87A42D5DF66C0062E8D1 /* AdCardView.swift */ = {isa = PBXFileReference; lastKnownFileType = sourcecode.swift; path = AdCardView.swift; sourceTree = "<group>"; };
		890D87A72D5DF66C0062E8D1 /* favoritesService.swift */ = {isa = PBXFileReference; lastKnownFileType = sourcecode.swift; path = favoritesService.swift; sourceTree = "<group>"; };
		890D87AA2D5DF66C0062E8D1 /* ProductCardView.swift */ = {isa = PBXFileReference; lastKnownFileType = sourcecode.swift; path = ProductCardView.swift; sourceTree = "<group>"; };
		890D87AC2D5DF66C0062E8D1 /* FavoritesView.swift */ = {isa = PBXFileReference; lastKnownFileType = sourcecode.swift; path = FavoritesView.swift; sourceTree = "<group>"; };
		890D87AE2D5DF66C0062E8D1 /* BrandsViewModel.swift */ = {isa = PBXFileReference; lastKnownFileType = sourcecode.swift; path = BrandsViewModel.swift; sourceTree = "<group>"; };
		890D87B02D5DF66C0062E8D1 /* BrandsModel.swift */ = {isa = PBXFileReference; lastKnownFileType = sourcecode.swift; path = BrandsModel.swift; sourceTree = "<group>"; };
		890D87B22D5DF66C0062E8D1 /* ButtonView.swift */ = {isa = PBXFileReference; lastKnownFileType = sourcecode.swift; path = ButtonView.swift; sourceTree = "<group>"; };
		890D87B32D5DF66C0062E8D1 /* PopupCircleView.swift */ = {isa = PBXFileReference; lastKnownFileType = sourcecode.swift; path = PopupCircleView.swift; sourceTree = "<group>"; };
		890D87B52D5DF66C0062E8D1 /* BrandCard.swift */ = {isa = PBXFileReference; lastKnownFileType = sourcecode.swift; path = BrandCard.swift; sourceTree = "<group>"; };
		890D87B62D5DF66C0062E8D1 /* BrandsView.swift */ = {isa = PBXFileReference; lastKnownFileType = sourcecode.swift; path = BrandsView.swift; sourceTree = "<group>"; };
		890D87B72D5DF66C0062E8D1 /* HeaderView.swift */ = {isa = PBXFileReference; lastKnownFileType = sourcecode.swift; path = HeaderView.swift; sourceTree = "<group>"; };
		890D87B92D5DF66C0062E8D1 /* HomePageView.swift */ = {isa = PBXFileReference; lastKnownFileType = sourcecode.swift; path = HomePageView.swift; sourceTree = "<group>"; };
		89D508352D5C0CD400046FA9 /* ContentView.swift */ = {isa = PBXFileReference; lastKnownFileType = sourcecode.swift; path = ContentView.swift; sourceTree = "<group>"; };
		89D508452D5C10C600046FA9 /* CustomNetworkImageView.swift */ = {isa = PBXFileReference; lastKnownFileType = sourcecode.swift; path = CustomNetworkImageView.swift; sourceTree = "<group>"; };
		89D508462D5C10C600046FA9 /* CustomSearchBarView.swift */ = {isa = PBXFileReference; lastKnownFileType = sourcecode.swift; path = CustomSearchBarView.swift; sourceTree = "<group>"; };
		89D508472D5C10C600046FA9 /* ShimmerView.swift */ = {isa = PBXFileReference; lastKnownFileType = sourcecode.swift; path = ShimmerView.swift; sourceTree = "<group>"; };
		89D5084D2D5C10CA00046FA9 /* ThemeManager.swift */ = {isa = PBXFileReference; lastKnownFileType = sourcecode.swift; path = ThemeManager.swift; sourceTree = "<group>"; };
		89EE56E22D5E321800B05457 /* GetProductQuery.swift */ = {isa = PBXFileReference; lastKnownFileType = sourcecode.swift; path = GetProductQuery.swift; sourceTree = "<group>"; };
		C44BEDA22D5D17E10022B603 /* Collection.swift */ = {isa = PBXFileReference; lastKnownFileType = sourcecode.swift; path = Collection.swift; sourceTree = "<group>"; };
		C44BEDA62D5D198F0022B603 /* ImgModel.swift */ = {isa = PBXFileReference; lastKnownFileType = sourcecode.swift; path = ImgModel.swift; sourceTree = "<group>"; };
		C44BEDAD2D5D1F540022B603 /* Product.swift */ = {isa = PBXFileReference; lastKnownFileType = sourcecode.swift; path = Product.swift; sourceTree = "<group>"; };
		C44BEDAF2D5D1FC80022B603 /* Price.swift */ = {isa = PBXFileReference; lastKnownFileType = sourcecode.swift; path = Price.swift; sourceTree = "<group>"; };
		C44BEDB12D5D1FD70022B603 /* PriceRange.swift */ = {isa = PBXFileReference; lastKnownFileType = sourcecode.swift; path = PriceRange.swift; sourceTree = "<group>"; };
		C44BEDDB2D5D2F870022B603 /* GetAllTheProducts.graphql */ = {isa = PBXFileReference; lastKnownFileType = text; path = GetAllTheProducts.graphql; sourceTree = "<group>"; };
		C4BC560B2D5F631B00F9D42A /* GetFilteredProducts.swift */ = {isa = PBXFileReference; lastKnownFileType = sourcecode.swift; path = GetFilteredProducts.swift; sourceTree = "<group>"; };
		C4BC56132D5F8EE600F9D42A /* ProductsModel.swift */ = {isa = PBXFileReference; lastKnownFileType = sourcecode.swift; path = ProductsModel.swift; sourceTree = "<group>"; };
		C4BC56152D5F8EF400F9D42A /* ProductsViewModel.swift */ = {isa = PBXFileReference; lastKnownFileType = sourcecode.swift; path = ProductsViewModel.swift; sourceTree = "<group>"; };
		C4BC56192D5F8F2F00F9D42A /* ProductsView.swift */ = {isa = PBXFileReference; lastKnownFileType = sourcecode.swift; path = ProductsView.swift; sourceTree = "<group>"; };
		C4BC561B2D5F937C00F9D42A /* FlatFilterBar.swift */ = {isa = PBXFileReference; lastKnownFileType = sourcecode.swift; path = FlatFilterBar.swift; sourceTree = "<group>"; };
		C4BC561D2D5F96DB00F9D42A /* FlatFilterButton.swift */ = {isa = PBXFileReference; lastKnownFileType = sourcecode.swift; path = FlatFilterButton.swift; sourceTree = "<group>"; };
		C4BC561F2D5FD70300F9D42A /* BrandsGrid.swift */ = {isa = PBXFileReference; lastKnownFileType = sourcecode.swift; path = BrandsGrid.swift; sourceTree = "<group>"; };
		C4F3FC702D5E6783005151E9 /* GetProductsTypes.graphql */ = {isa = PBXFileReference; lastKnownFileType = text; path = GetProductsTypes.graphql; sourceTree = "<group>"; };
		C4F3FC722D5E6805005151E9 /* GetProductsTags.graphql */ = {isa = PBXFileReference; lastKnownFileType = text; path = GetProductsTags.graphql; sourceTree = "<group>"; };
		C4F3FC7A2D5E88CC005151E9 /* CategoriesModel.swift */ = {isa = PBXFileReference; lastKnownFileType = sourcecode.swift; path = CategoriesModel.swift; sourceTree = "<group>"; };
		C4F3FC7C2D5E9256005151E9 /* CategoriesViewModel.swift */ = {isa = PBXFileReference; lastKnownFileType = sourcecode.swift; path = CategoriesViewModel.swift; sourceTree = "<group>"; };
		C4F3FC7E2D5EA76D005151E9 /* GetFilteredProducts.graphql */ = {isa = PBXFileReference; lastKnownFileType = text; path = GetFilteredProducts.graphql; sourceTree = "<group>"; };
/* End PBXFileReference section */

/* Begin PBXFrameworksBuildPhase section */
		48F009E92D5C94F9002A016E /* Frameworks */ = {
			isa = PBXFrameworksBuildPhase;
			buildActionMask = 2147483647;
			files = (
				890D86BE2D5CD3EF0062E8D1 /* Apollo in Frameworks */,
				890D86C92D5CD5320062E8D1 /* ShopifyAPIKit in Frameworks */,
			);
			runOnlyForDeploymentPostprocessing = 0;
		};
		48F009FB2D5C9500002A016E /* Frameworks */ = {
			isa = PBXFrameworksBuildPhase;
			buildActionMask = 2147483647;
			files = (
			);
			runOnlyForDeploymentPostprocessing = 0;
		};
		48F00A052D5C9501002A016E /* Frameworks */ = {
			isa = PBXFrameworksBuildPhase;
			buildActionMask = 2147483647;
			files = (
			);
			runOnlyForDeploymentPostprocessing = 0;
		};
/* End PBXFrameworksBuildPhase section */

/* Begin PBXGroup section */
		48F009E32D5C94F9002A016E = {
			isa = PBXGroup;
			children = (
				48F009EE2D5C94F9002A016E /* M-Commerce-App */,
				48F00A012D5C9500002A016E /* M-Commerce-AppTests */,
				48F00A0B2D5C9501002A016E /* M-Commerce-AppUITests */,
				48F009ED2D5C94F9002A016E /* Products */,
			);
			sourceTree = "<group>";
		};
		48F009ED2D5C94F9002A016E /* Products */ = {
			isa = PBXGroup;
			children = (
				48F009EC2D5C94F9002A016E /* M-Commerce-App.app */,
				48F009FE2D5C9500002A016E /* M-Commerce-AppTests.xctest */,
				48F00A082D5C9501002A016E /* M-Commerce-AppUITests.xctest */,
			);
			name = Products;
			sourceTree = "<group>";
		};
		48F009EE2D5C94F9002A016E /* M-Commerce-App */ = {
			isa = PBXGroup;
			children = (
				890D86CB2D5CD55E0062E8D1 /* ApolloNetwokService */,
				890D86C32D5CD4B90062E8D1 /* graphql */,
				89D508492D5C10C600046FA9 /* Common */,
				89D5084E2D5C10CA00046FA9 /* Helpers */,
				89D508622D5C10CE00046FA9 /* Screens */,
				89D508352D5C0CD400046FA9 /* ContentView.swift */,
				48F009EF2D5C94F9002A016E /* M_Commerce_AppApp.swift */,
				48F009F32D5C94F9002A016E /* Item.swift */,
				48F009F52D5C94FF002A016E /* Assets.xcassets */,
				48F009F72D5C94FF002A016E /* Preview Content */,
			);
			path = "M-Commerce-App";
			sourceTree = "<group>";
		};
		48F009F72D5C94FF002A016E /* Preview Content */ = {
			isa = PBXGroup;
			children = (
				48F009F82D5C94FF002A016E /* Preview Assets.xcassets */,
			);
			path = "Preview Content";
			sourceTree = "<group>";
		};
		48F00A012D5C9500002A016E /* M-Commerce-AppTests */ = {
			isa = PBXGroup;
			children = (
				48F00A022D5C9500002A016E /* M_Commerce_AppTests.swift */,
			);
			path = "M-Commerce-AppTests";
			sourceTree = "<group>";
		};
		48F00A0B2D5C9501002A016E /* M-Commerce-AppUITests */ = {
			isa = PBXGroup;
			children = (
				48F00A0C2D5C9501002A016E /* M_Commerce_AppUITests.swift */,
				48F00A0E2D5C9501002A016E /* M_Commerce_AppUITestsLaunchTests.swift */,
			);
			path = "M-Commerce-AppUITests";
			sourceTree = "<group>";
		};
		890D86C02D5CD4B90062E8D1 /* Queries */ = {
			isa = PBXGroup;
			children = (
				C44BEDDB2D5D2F870022B603 /* GetAllTheProducts.graphql */,
				890D86D62D5CF07D0062E8D1 /* GetCollection.graphql */,
				890D86E02D5CF63A0062E8D1 /* GetCollections.graphql */,
			);
			path = Queries;
			sourceTree = "<group>";
		};
		890D86C32D5CD4B90062E8D1 /* graphql */ = {
			isa = PBXGroup;
			children = (
				C4F3FC6D2D5E6750005151E9 /* Categories */,
				890D86DA2D5CF5D80062E8D1 /* Products */,
				890D86D82D5CF5A40062E8D1 /* Collection */,
				890D86C22D5CD4B90062E8D1 /* schema.graphqls */,
			);
			path = graphql;
			sourceTree = "<group>";
		};
		890D86CB2D5CD55E0062E8D1 /* ApolloNetwokService */ = {
			isa = PBXGroup;
			children = (
				890D86CA2D5CD55E0062E8D1 /* ApolloNetwokService.swift */,
			);
			path = ApolloNetwokService;
			sourceTree = "<group>";
		};
		890D86D82D5CF5A40062E8D1 /* Collection */ = {
			isa = PBXGroup;
			children = (
				C4BC56082D5F62E500F9D42A /* Extensions */,
				890D86D92D5CF5BF0062E8D1 /* Mutations */,
				890D86C02D5CD4B90062E8D1 /* Queries */,
			);
			path = Collection;
			sourceTree = "<group>";
		};
		890D86D92D5CF5BF0062E8D1 /* Mutations */ = {
			isa = PBXGroup;
			children = (
			);
			path = Mutations;
			sourceTree = "<group>";
		};
		890D86DA2D5CF5D80062E8D1 /* Products */ = {
			isa = PBXGroup;
			children = (
				890D86DB2D5CF5E20062E8D1 /* Mutations */,
				890D86DD2D5CF5E20062E8D1 /* Queries */,
				89EE56E12D5E320600B05457 /* Extensions */,
			);
			path = Products;
			sourceTree = "<group>";
		};
		890D86DB2D5CF5E20062E8D1 /* Mutations */ = {
			isa = PBXGroup;
			children = (
			);
			path = Mutations;
			sourceTree = "<group>";
		};
		890D86DD2D5CF5E20062E8D1 /* Queries */ = {
			isa = PBXGroup;
			children = (
				890D87562D5D5DEE0062E8D1 /* GetProduct.graphql */,
			);
			path = Queries;
			sourceTree = "<group>";
		};
		890D86E22D5CFF020062E8D1 /* Classes */ = {
			isa = PBXGroup;
			children = (
				890D86E32D5CFF170062E8D1 /* PageInfo.swift */,
				C44BEDA22D5D17E10022B603 /* Collection.swift */,
				C44BEDA62D5D198F0022B603 /* ImgModel.swift */,
				C44BEDAD2D5D1F540022B603 /* Product.swift */,
				C44BEDAF2D5D1FC80022B603 /* Price.swift */,
				C44BEDB12D5D1FD70022B603 /* PriceRange.swift */,
			);
			path = Classes;
			sourceTree = "<group>";
		};
		890D87832D5DF66C0062E8D1 /* Model */ = {
			isa = PBXGroup;
			children = (
				890D87822D5DF66C0062E8D1 /* Cart.swift */,
			);
			path = Model;
			sourceTree = "<group>";
		};
		890D87852D5DF66C0062E8D1 /* ViewModel */ = {
			isa = PBXGroup;
			children = (
				890D87842D5DF66C0062E8D1 /* ShoppingCartViewModel.swift */,
			);
			path = ViewModel;
			sourceTree = "<group>";
		};
		890D878B2D5DF66C0062E8D1 /* SubViews */ = {
			isa = PBXGroup;
			children = (
				890D87862D5DF66C0062E8D1 /* CheckOutComponent.swift */,
				890D87872D5DF66C0062E8D1 /* NumberOfItems.swift */,
				890D87882D5DF66C0062E8D1 /* DeleteButton.swift */,
				890D87892D5DF66C0062E8D1 /* RowCard.swift */,
				890D878A2D5DF66C0062E8D1 /* imageCard.swift */,
			);
			path = SubViews;
			sourceTree = "<group>";
		};
		890D878D2D5DF66C0062E8D1 /* View */ = {
			isa = PBXGroup;
			children = (
				890D878B2D5DF66C0062E8D1 /* SubViews */,
				890D878C2D5DF66C0062E8D1 /* ShoppingView.swift */,
			);
			path = View;
			sourceTree = "<group>";
		};
		890D878E2D5DF66C0062E8D1 /* ShopingCartScreen */ = {
			isa = PBXGroup;
			children = (
				890D87832D5DF66C0062E8D1 /* Model */,
				890D87852D5DF66C0062E8D1 /* ViewModel */,
				890D878D2D5DF66C0062E8D1 /* View */,
			);
			path = ShopingCartScreen;
			sourceTree = "<group>";
		};
		890D87902D5DF66C0062E8D1 /* ProductService */ = {
			isa = PBXGroup;
			children = (
				890D878F2D5DF66C0062E8D1 /* ProductService.swift */,
			);
			path = ProductService;
			sourceTree = "<group>";
		};
		890D87922D5DF66C0062E8D1 /* Model */ = {
			isa = PBXGroup;
			children = (
				890D87902D5DF66C0062E8D1 /* ProductService */,
				890D87912D5DF66C0062E8D1 /* ProductResponse.swift */,
			);
			path = Model;
			sourceTree = "<group>";
		};
		890D87942D5DF66C0062E8D1 /* ViewModel */ = {
			isa = PBXGroup;
			children = (
				890D87932D5DF66C0062E8D1 /* ProductViewModel.swift */,
			);
			path = ViewModel;
			sourceTree = "<group>";
		};
		890D87962D5DF66C0062E8D1 /* View */ = {
			isa = PBXGroup;
			children = (
				890D87952D5DF66C0062E8D1 /* ProductInfoView.swift */,
			);
			path = View;
			sourceTree = "<group>";
		};
		890D87972D5DF66C0062E8D1 /* ProductInfo */ = {
			isa = PBXGroup;
			children = (
				890D87922D5DF66C0062E8D1 /* Model */,
				890D87942D5DF66C0062E8D1 /* ViewModel */,
				890D87962D5DF66C0062E8D1 /* View */,
			);
			path = ProductInfo;
			sourceTree = "<group>";
		};
		890D879A2D5DF66C0062E8D1 /* testing */ = {
			isa = PBXGroup;
			children = (
				890D87982D5DF66C0062E8D1 /* Testing.swift */,
				890D87992D5DF66C0062E8D1 /* ViewModelTest.swift */,
			);
			path = testing;
			sourceTree = "<group>";
		};
		890D879E2D5DF66C0062E8D1 /* Views */ = {
			isa = PBXGroup;
			children = (
				890D879B2D5DF66C0062E8D1 /* FilterBar.swift */,
				890D879C2D5DF66C0062E8D1 /* ProductsSubView.swift */,
				890D879D2D5DF66C0062E8D1 /* CategorieView.swift */,
			);
			path = Views;
			sourceTree = "<group>";
		};
		890D879F2D5DF66C0062E8D1 /* categories */ = {
			isa = PBXGroup;
			children = (
				C4F3FC792D5E88AF005151E9 /* ViewModel */,
				C4F3FC782D5E88AA005151E9 /* Model */,
				890D879E2D5DF66C0062E8D1 /* Views */,
			);
			path = categories;
			sourceTree = "<group>";
		};
		890D87A12D5DF66C0062E8D1 /* Model */ = {
			isa = PBXGroup;
			children = (
				890D87A02D5DF66C0062E8D1 /* AdModel.swift */,
			);
			path = Model;
			sourceTree = "<group>";
		};
		890D87A32D5DF66C0062E8D1 /* ViewModel */ = {
			isa = PBXGroup;
			children = (
				890D87A22D5DF66C0062E8D1 /* AdViewModel.swift */,
			);
			path = ViewModel;
			sourceTree = "<group>";
		};
		890D87A52D5DF66C0062E8D1 /* View */ = {
			isa = PBXGroup;
			children = (
				890D87A42D5DF66C0062E8D1 /* AdCardView.swift */,
			);
			path = View;
			sourceTree = "<group>";
		};
		890D87A62D5DF66C0062E8D1 /* AdsCard */ = {
			isa = PBXGroup;
			children = (
				890D87A12D5DF66C0062E8D1 /* Model */,
				890D87A32D5DF66C0062E8D1 /* ViewModel */,
				890D87A52D5DF66C0062E8D1 /* View */,
			);
			path = AdsCard;
			sourceTree = "<group>";
		};
		890D87A82D5DF66C0062E8D1 /* Services */ = {
			isa = PBXGroup;
			children = (
				890D87A72D5DF66C0062E8D1 /* favoritesService.swift */,
			);
			path = Services;
			sourceTree = "<group>";
		};
		890D87A92D5DF66C0062E8D1 /* Model */ = {
			isa = PBXGroup;
			children = (
				890D87A82D5DF66C0062E8D1 /* Services */,
			);
			path = Model;
			sourceTree = "<group>";
		};
		890D87AB2D5DF66C0062E8D1 /* Views */ = {
			isa = PBXGroup;
			children = (
				890D87AA2D5DF66C0062E8D1 /* ProductCardView.swift */,
			);
			path = Views;
			sourceTree = "<group>";
		};
		890D87AD2D5DF66C0062E8D1 /* Favorites */ = {
			isa = PBXGroup;
			children = (
				890D87A92D5DF66C0062E8D1 /* Model */,
				890D87AB2D5DF66C0062E8D1 /* Views */,
				890D87AC2D5DF66C0062E8D1 /* FavoritesView.swift */,
			);
			path = Favorites;
			sourceTree = "<group>";
		};
		890D87AF2D5DF66C0062E8D1 /* ViewModel */ = {
			isa = PBXGroup;
			children = (
				890D87AE2D5DF66C0062E8D1 /* BrandsViewModel.swift */,
			);
			path = ViewModel;
			sourceTree = "<group>";
		};
		890D87B12D5DF66C0062E8D1 /* Model */ = {
			isa = PBXGroup;
			children = (
				890D87B02D5DF66C0062E8D1 /* BrandsModel.swift */,
			);
			path = Model;
			sourceTree = "<group>";
		};
		890D87B42D5DF66C0062E8D1 /* ToolBar */ = {
			isa = PBXGroup;
			children = (
				890D87B22D5DF66C0062E8D1 /* ButtonView.swift */,
				890D87B32D5DF66C0062E8D1 /* PopupCircleView.swift */,
			);
			path = ToolBar;
			sourceTree = "<group>";
		};
		890D87B82D5DF66C0062E8D1 /* HomeSubViews */ = {
			isa = PBXGroup;
			children = (
				890D87B42D5DF66C0062E8D1 /* ToolBar */,
				890D87B52D5DF66C0062E8D1 /* BrandCard.swift */,
				890D87B62D5DF66C0062E8D1 /* BrandsView.swift */,
				890D87B72D5DF66C0062E8D1 /* HeaderView.swift */,
			);
			path = HomeSubViews;
			sourceTree = "<group>";
		};
		890D87BA2D5DF66C0062E8D1 /* HomeView */ = {
			isa = PBXGroup;
			children = (
				890D87B92D5DF66C0062E8D1 /* HomePageView.swift */,
			);
			path = HomeView;
			sourceTree = "<group>";
		};
		890D87BB2D5DF66C0062E8D1 /* Views */ = {
			isa = PBXGroup;
			children = (
				890D87B82D5DF66C0062E8D1 /* HomeSubViews */,
				890D87BA2D5DF66C0062E8D1 /* HomeView */,
			);
			path = Views;
			sourceTree = "<group>";
		};
		890D87BC2D5DF66C0062E8D1 /* Home */ = {
			isa = PBXGroup;
			children = (
				890D87AF2D5DF66C0062E8D1 /* ViewModel */,
				890D87B12D5DF66C0062E8D1 /* Model */,
				890D87BB2D5DF66C0062E8D1 /* Views */,
			);
			path = Home;
			sourceTree = "<group>";
		};
		89D508482D5C10C600046FA9 /* Views */ = {
			isa = PBXGroup;
			children = (
				89D508452D5C10C600046FA9 /* CustomNetworkImageView.swift */,
				89D508462D5C10C600046FA9 /* CustomSearchBarView.swift */,
				89D508472D5C10C600046FA9 /* ShimmerView.swift */,
				890D870E2D5D25500062E8D1 /* StarRatingView.swift */,
				890D87412D5D43F70062E8D1 /* CustomStepper.swift */,
				890D873B2D5D2BC20062E8D1 /* FavoriteButtonView.swift */,
				890D873F2D5D40A30062E8D1 /* CustomRoundedButtonView.swift */,
				890D87542D5D55C00062E8D1 /* ReadMoreText.swift */,
			);
			path = Views;
			sourceTree = "<group>";
		};
		89D508492D5C10C600046FA9 /* Common */ = {
			isa = PBXGroup;
			children = (
				890D86E22D5CFF020062E8D1 /* Classes */,
				89D508482D5C10C600046FA9 /* Views */,
			);
			path = Common;
			sourceTree = "<group>";
		};
		89D5084E2D5C10CA00046FA9 /* Helpers */ = {
			isa = PBXGroup;
			children = (
				89D5084D2D5C10CA00046FA9 /* ThemeManager.swift */,
			);
			path = Helpers;
			sourceTree = "<group>";
		};
		89D508622D5C10CE00046FA9 /* Screens */ = {
			isa = PBXGroup;
			children = (
				C4BC560D2D5F8E2400F9D42A /* Products */,
				890D878E2D5DF66C0062E8D1 /* ShopingCartScreen */,
				890D87972D5DF66C0062E8D1 /* ProductInfo */,
				890D879A2D5DF66C0062E8D1 /* testing */,
				890D879F2D5DF66C0062E8D1 /* categories */,
				890D87A62D5DF66C0062E8D1 /* AdsCard */,
				890D87AD2D5DF66C0062E8D1 /* Favorites */,
				890D87BC2D5DF66C0062E8D1 /* Home */,
			);
			path = Screens;
			sourceTree = "<group>";
		};
		89EE56E12D5E320600B05457 /* Extensions */ = {
			isa = PBXGroup;
			children = (
				89EE56E22D5E321800B05457 /* GetProductQuery.swift */,
			);
			path = Extensions;
			sourceTree = "<group>";
		};
		C4BC56082D5F62E500F9D42A /* Extensions */ = {
			isa = PBXGroup;
			children = (
				C4BC560B2D5F631B00F9D42A /* GetFilteredProducts.swift */,
			);
			path = Extensions;
			sourceTree = "<group>";
		};
		C4BC560D2D5F8E2400F9D42A /* Products */ = {
			isa = PBXGroup;
			children = (
				C4BC56102D5F8E4800F9D42A /* Model */,
				C4BC560F2D5F8E3F00F9D42A /* ViewModel */,
				C4BC560E2D5F8E3500F9D42A /* View */,
			);
			path = Products;
			sourceTree = "<group>";
		};
		C4BC560E2D5F8E3500F9D42A /* View */ = {
			isa = PBXGroup;
			children = (
				C4BC56192D5F8F2F00F9D42A /* ProductsView.swift */,
				C4BC561B2D5F937C00F9D42A /* FlatFilterBar.swift */,
				C4BC561D2D5F96DB00F9D42A /* FlatFilterButton.swift */,
				C4BC561F2D5FD70300F9D42A /* BrandsGrid.swift */,
			);
			path = View;
			sourceTree = "<group>";
		};
		C4BC560F2D5F8E3F00F9D42A /* ViewModel */ = {
			isa = PBXGroup;
			children = (
				C4BC56152D5F8EF400F9D42A /* ProductsViewModel.swift */,
			);
			path = ViewModel;
			sourceTree = "<group>";
		};
		C4BC56102D5F8E4800F9D42A /* Model */ = {
			isa = PBXGroup;
			children = (
				C4BC56132D5F8EE600F9D42A /* ProductsModel.swift */,
			);
			path = Model;
			sourceTree = "<group>";
		};
		C4F3FC6D2D5E6750005151E9 /* Categories */ = {
			isa = PBXGroup;
			children = (
				C4F3FC6F2D5E676B005151E9 /* Queries */,
				C4F3FC6E2D5E6760005151E9 /* Mutations */,
			);
			path = Categories;
			sourceTree = "<group>";
		};
		C4F3FC6E2D5E6760005151E9 /* Mutations */ = {
			isa = PBXGroup;
			children = (
			);
			path = Mutations;
			sourceTree = "<group>";
		};
		C4F3FC6F2D5E676B005151E9 /* Queries */ = {
			isa = PBXGroup;
			children = (
				C4F3FC7E2D5EA76D005151E9 /* GetFilteredProducts.graphql */,
				C4F3FC722D5E6805005151E9 /* GetProductsTags.graphql */,
				C4F3FC702D5E6783005151E9 /* GetProductsTypes.graphql */,
			);
			path = Queries;
			sourceTree = "<group>";
		};
		C4F3FC782D5E88AA005151E9 /* Model */ = {
			isa = PBXGroup;
			children = (
				C4F3FC7A2D5E88CC005151E9 /* CategoriesModel.swift */,
			);
			path = Model;
			sourceTree = "<group>";
		};
		C4F3FC792D5E88AF005151E9 /* ViewModel */ = {
			isa = PBXGroup;
			children = (
				C4F3FC7C2D5E9256005151E9 /* CategoriesViewModel.swift */,
			);
			path = ViewModel;
			sourceTree = "<group>";
		};
/* End PBXGroup section */

/* Begin PBXNativeTarget section */
		48F009EB2D5C94F9002A016E /* M-Commerce-App */ = {
			isa = PBXNativeTarget;
			buildConfigurationList = 48F00A122D5C9501002A016E /* Build configuration list for PBXNativeTarget "M-Commerce-App" */;
			buildPhases = (
				48F009E82D5C94F9002A016E /* Sources */,
				48F009E92D5C94F9002A016E /* Frameworks */,
				48F009EA2D5C94F9002A016E /* Resources */,
			);
			buildRules = (
			);
			dependencies = (
			);
			name = "M-Commerce-App";
			productName = "M-Commerce-App";
			productReference = 48F009EC2D5C94F9002A016E /* M-Commerce-App.app */;
			productType = "com.apple.product-type.application";
		};
		48F009FD2D5C9500002A016E /* M-Commerce-AppTests */ = {
			isa = PBXNativeTarget;
			buildConfigurationList = 48F00A152D5C9501002A016E /* Build configuration list for PBXNativeTarget "M-Commerce-AppTests" */;
			buildPhases = (
				48F009FA2D5C9500002A016E /* Sources */,
				48F009FB2D5C9500002A016E /* Frameworks */,
				48F009FC2D5C9500002A016E /* Resources */,
			);
			buildRules = (
			);
			dependencies = (
				48F00A002D5C9500002A016E /* PBXTargetDependency */,
			);
			name = "M-Commerce-AppTests";
			productName = "M-Commerce-AppTests";
			productReference = 48F009FE2D5C9500002A016E /* M-Commerce-AppTests.xctest */;
			productType = "com.apple.product-type.bundle.unit-test";
		};
		48F00A072D5C9501002A016E /* M-Commerce-AppUITests */ = {
			isa = PBXNativeTarget;
			buildConfigurationList = 48F00A182D5C9501002A016E /* Build configuration list for PBXNativeTarget "M-Commerce-AppUITests" */;
			buildPhases = (
				48F00A042D5C9501002A016E /* Sources */,
				48F00A052D5C9501002A016E /* Frameworks */,
				48F00A062D5C9501002A016E /* Resources */,
			);
			buildRules = (
			);
			dependencies = (
				48F00A0A2D5C9501002A016E /* PBXTargetDependency */,
			);
			name = "M-Commerce-AppUITests";
			productName = "M-Commerce-AppUITests";
			productReference = 48F00A082D5C9501002A016E /* M-Commerce-AppUITests.xctest */;
			productType = "com.apple.product-type.bundle.ui-testing";
		};
/* End PBXNativeTarget section */

/* Begin PBXProject section */
		48F009E42D5C94F9002A016E /* Project object */ = {
			isa = PBXProject;
			attributes = {
				BuildIndependentTargetsInParallel = 1;
				LastSwiftUpdateCheck = 1520;
				LastUpgradeCheck = 1520;
				TargetAttributes = {
					48F009EB2D5C94F9002A016E = {
						CreatedOnToolsVersion = 15.2;
					};
					48F009FD2D5C9500002A016E = {
						CreatedOnToolsVersion = 15.2;
						TestTargetID = 48F009EB2D5C94F9002A016E;
					};
					48F00A072D5C9501002A016E = {
						CreatedOnToolsVersion = 15.2;
						TestTargetID = 48F009EB2D5C94F9002A016E;
					};
				};
			};
			buildConfigurationList = 48F009E72D5C94F9002A016E /* Build configuration list for PBXProject "M-Commerce-App" */;
			compatibilityVersion = "Xcode 15.0";
			developmentRegion = en;
			hasScannedForEncodings = 0;
			knownRegions = (
				en,
				Base,
			);
			mainGroup = 48F009E32D5C94F9002A016E;
			packageReferences = (
				890D86BC2D5CD3EF0062E8D1 /* XCRemoteSwiftPackageReference "apollo-ios" */,
				890D86C72D5CD5320062E8D1 /* XCLocalSwiftPackageReference "ShopifyAPIKit" */,
			);
			productRefGroup = 48F009ED2D5C94F9002A016E /* Products */;
			projectDirPath = "";
			projectRoot = "";
			targets = (
				48F009EB2D5C94F9002A016E /* M-Commerce-App */,
				48F009FD2D5C9500002A016E /* M-Commerce-AppTests */,
				48F00A072D5C9501002A016E /* M-Commerce-AppUITests */,
			);
		};
/* End PBXProject section */

/* Begin PBXResourcesBuildPhase section */
		48F009EA2D5C94F9002A016E /* Resources */ = {
			isa = PBXResourcesBuildPhase;
			buildActionMask = 2147483647;
			files = (
				48F009F92D5C94FF002A016E /* Preview Assets.xcassets in Resources */,
				C44BEDDC2D5D2F9B0022B603 /* GetAllTheProducts.graphql in Resources */,
				C4F3FC7F2D5EA788005151E9 /* GetFilteredProducts.graphql in Resources */,
				890D86C62D5CD4B90062E8D1 /* schema.graphqls in Resources */,
				C4F3FC712D5E679A005151E9 /* GetProductsTypes.graphql in Resources */,
				890D86E12D5CF63A0062E8D1 /* GetCollections.graphql in Resources */,
				890D86D72D5CF07D0062E8D1 /* GetCollection.graphql in Resources */,
				48F009F62D5C94FF002A016E /* Assets.xcassets in Resources */,
				C4F3FC732D5E6812005151E9 /* GetProductsTags.graphql in Resources */,
			);
			runOnlyForDeploymentPostprocessing = 0;
		};
		48F009FC2D5C9500002A016E /* Resources */ = {
			isa = PBXResourcesBuildPhase;
			buildActionMask = 2147483647;
			files = (
			);
			runOnlyForDeploymentPostprocessing = 0;
		};
		48F00A062D5C9501002A016E /* Resources */ = {
			isa = PBXResourcesBuildPhase;
			buildActionMask = 2147483647;
			files = (
			);
			runOnlyForDeploymentPostprocessing = 0;
		};
/* End PBXResourcesBuildPhase section */

/* Begin PBXSourcesBuildPhase section */
		48F009E82D5C94F9002A016E /* Sources */ = {
			isa = PBXSourcesBuildPhase;
			buildActionMask = 2147483647;
			files = (
				48F009F42D5C94F9002A016E /* Item.swift in Sources */,
				89D5084A2D5C10C600046FA9 /* CustomNetworkImageView.swift in Sources */,
				C44BEDA72D5D198F0022B603 /* ImgModel.swift in Sources */,
				C44BEDB02D5D1FC80022B603 /* Price.swift in Sources */,
				C44BEDAE2D5D1F540022B603 /* Product.swift in Sources */,
				C44BEDA32D5D17E10022B603 /* Collection.swift in Sources */,
				C4BC561C2D5F937C00F9D42A /* FlatFilterBar.swift in Sources */,
				890D87422D5D43F70062E8D1 /* CustomStepper.swift in Sources */,
				C44BEDB22D5D1FD70022B603 /* PriceRange.swift in Sources */,
				890D87BD2D5DF66C0062E8D1 /* ProductCardView.swift in Sources */,
				890D87BE2D5DF66C0062E8D1 /* CategorieView.swift in Sources */,
				890D87BF2D5DF66C0062E8D1 /* ProductsSubView.swift in Sources */,
				890D87C02D5DF66C0062E8D1 /* Testing.swift in Sources */,
				C4BC56162D5F8EF400F9D42A /* ProductsViewModel.swift in Sources */,
				890D87C12D5DF66C0062E8D1 /* favoritesService.swift in Sources */,
				C4BC561E2D5F96DC00F9D42A /* FlatFilterButton.swift in Sources */,
				890D87C22D5DF66C0062E8D1 /* RowCard.swift in Sources */,
				890D87C32D5DF66C0062E8D1 /* AdViewModel.swift in Sources */,
				890D87C42D5DF66C0062E8D1 /* ShoppingCartViewModel.swift in Sources */,
				890D87C52D5DF66C0062E8D1 /* Cart.swift in Sources */,
				890D87C62D5DF66C0062E8D1 /* FilterBar.swift in Sources */,
				890D87C72D5DF66C0062E8D1 /* BrandsModel.swift in Sources */,
				890D87C82D5DF66C0062E8D1 /* HeaderView.swift in Sources */,
				890D87C92D5DF66C0062E8D1 /* BrandsViewModel.swift in Sources */,
				C4BC560C2D5F631B00F9D42A /* GetFilteredProducts.swift in Sources */,
				890D87CA2D5DF66C0062E8D1 /* FavoritesView.swift in Sources */,
				890D87CB2D5DF66C0062E8D1 /* CheckOutComponent.swift in Sources */,
				89EE56E32D5E322700B05457 /* GetProductQuery.swift in Sources */,
				890D87CC2D5DF66C0062E8D1 /* NumberOfItems.swift in Sources */,
				890D87CD2D5DF66C0062E8D1 /* ProductResponse.swift in Sources */,
				890D87CE2D5DF66C0062E8D1 /* ProductService.swift in Sources */,
				890D87CF2D5DF66C0062E8D1 /* BrandsView.swift in Sources */,
				890D87D02D5DF66C0062E8D1 /* ShoppingView.swift in Sources */,
				890D87D12D5DF66C0062E8D1 /* ButtonView.swift in Sources */,
				890D87D22D5DF66C0062E8D1 /* ViewModelTest.swift in Sources */,
				890D87D32D5DF66C0062E8D1 /* HomePageView.swift in Sources */,
				890D87D42D5DF66C0062E8D1 /* imageCard.swift in Sources */,
				890D87D52D5DF66C0062E8D1 /* ProductViewModel.swift in Sources */,
				C4BC56142D5F8EE600F9D42A /* ProductsModel.swift in Sources */,
				890D87D62D5DF66C0062E8D1 /* AdCardView.swift in Sources */,
				890D87D72D5DF66C0062E8D1 /* AdModel.swift in Sources */,
				890D87D82D5DF66C0062E8D1 /* DeleteButton.swift in Sources */,
				890D87D92D5DF66C0062E8D1 /* BrandCard.swift in Sources */,
				890D87DA2D5DF66C0062E8D1 /* ProductInfoView.swift in Sources */,
				890D87DB2D5DF66C0062E8D1 /* PopupCircleView.swift in Sources */,
				C4BC56202D5FD70300F9D42A /* BrandsGrid.swift in Sources */,
				890D87402D5D40A30062E8D1 /* CustomRoundedButtonView.swift in Sources */,
				C4BC561A2D5F8F2F00F9D42A /* ProductsView.swift in Sources */,
				890D873C2D5D2BC20062E8D1 /* FavoriteButtonView.swift in Sources */,
				890D86E42D5CFF220062E8D1 /* PageInfo.swift in Sources */,
				89D5084B2D5C10C600046FA9 /* CustomSearchBarView.swift in Sources */,
				890D870F2D5D25500062E8D1 /* StarRatingView.swift in Sources */,
				890D86CC2D5CD55E0062E8D1 /* ApolloNetwokService.swift in Sources */,
				C4F3FC7B2D5E88CC005151E9 /* CategoriesModel.swift in Sources */,
				890D87552D5D55C00062E8D1 /* ReadMoreText.swift in Sources */,
				89D5084C2D5C10C600046FA9 /* ShimmerView.swift in Sources */,
				89D5084F2D5C10CA00046FA9 /* ThemeManager.swift in Sources */,
				890D87572D5D5DF60062E8D1 /* GetProduct.graphql in Sources */,
				89D508432D5C0CD400046FA9 /* ContentView.swift in Sources */,
				C4F3FC7D2D5E9256005151E9 /* CategoriesViewModel.swift in Sources */,
				48F009F02D5C94F9002A016E /* M_Commerce_AppApp.swift in Sources */,
			);
			runOnlyForDeploymentPostprocessing = 0;
		};
		48F009FA2D5C9500002A016E /* Sources */ = {
			isa = PBXSourcesBuildPhase;
			buildActionMask = 2147483647;
			files = (
				48F00A032D5C9500002A016E /* M_Commerce_AppTests.swift in Sources */,
			);
			runOnlyForDeploymentPostprocessing = 0;
		};
		48F00A042D5C9501002A016E /* Sources */ = {
			isa = PBXSourcesBuildPhase;
			buildActionMask = 2147483647;
			files = (
				48F00A0D2D5C9501002A016E /* M_Commerce_AppUITests.swift in Sources */,
				48F00A0F2D5C9501002A016E /* M_Commerce_AppUITestsLaunchTests.swift in Sources */,
			);
			runOnlyForDeploymentPostprocessing = 0;
		};
/* End PBXSourcesBuildPhase section */

/* Begin PBXTargetDependency section */
		48F00A002D5C9500002A016E /* PBXTargetDependency */ = {
			isa = PBXTargetDependency;
			target = 48F009EB2D5C94F9002A016E /* M-Commerce-App */;
			targetProxy = 48F009FF2D5C9500002A016E /* PBXContainerItemProxy */;
		};
		48F00A0A2D5C9501002A016E /* PBXTargetDependency */ = {
			isa = PBXTargetDependency;
			target = 48F009EB2D5C94F9002A016E /* M-Commerce-App */;
			targetProxy = 48F00A092D5C9501002A016E /* PBXContainerItemProxy */;
		};
/* End PBXTargetDependency section */

/* Begin XCBuildConfiguration section */
		48F00A102D5C9501002A016E /* Debug */ = {
			isa = XCBuildConfiguration;
			buildSettings = {
				ALWAYS_SEARCH_USER_PATHS = NO;
				ASSETCATALOG_COMPILER_GENERATE_SWIFT_ASSET_SYMBOL_EXTENSIONS = YES;
				CLANG_ANALYZER_NONNULL = YES;
				CLANG_ANALYZER_NUMBER_OBJECT_CONVERSION = YES_AGGRESSIVE;
				CLANG_CXX_LANGUAGE_STANDARD = "gnu++20";
				CLANG_ENABLE_MODULES = YES;
				CLANG_ENABLE_OBJC_ARC = YES;
				CLANG_ENABLE_OBJC_WEAK = YES;
				CLANG_WARN_BLOCK_CAPTURE_AUTORELEASING = YES;
				CLANG_WARN_BOOL_CONVERSION = YES;
				CLANG_WARN_COMMA = YES;
				CLANG_WARN_CONSTANT_CONVERSION = YES;
				CLANG_WARN_DEPRECATED_OBJC_IMPLEMENTATIONS = YES;
				CLANG_WARN_DIRECT_OBJC_ISA_USAGE = YES_ERROR;
				CLANG_WARN_DOCUMENTATION_COMMENTS = YES;
				CLANG_WARN_EMPTY_BODY = YES;
				CLANG_WARN_ENUM_CONVERSION = YES;
				CLANG_WARN_INFINITE_RECURSION = YES;
				CLANG_WARN_INT_CONVERSION = YES;
				CLANG_WARN_NON_LITERAL_NULL_CONVERSION = YES;
				CLANG_WARN_OBJC_IMPLICIT_RETAIN_SELF = YES;
				CLANG_WARN_OBJC_LITERAL_CONVERSION = YES;
				CLANG_WARN_OBJC_ROOT_CLASS = YES_ERROR;
				CLANG_WARN_QUOTED_INCLUDE_IN_FRAMEWORK_HEADER = YES;
				CLANG_WARN_RANGE_LOOP_ANALYSIS = YES;
				CLANG_WARN_STRICT_PROTOTYPES = YES;
				CLANG_WARN_SUSPICIOUS_MOVE = YES;
				CLANG_WARN_UNGUARDED_AVAILABILITY = YES_AGGRESSIVE;
				CLANG_WARN_UNREACHABLE_CODE = YES;
				CLANG_WARN__DUPLICATE_METHOD_MATCH = YES;
				COPY_PHASE_STRIP = NO;
				DEBUG_INFORMATION_FORMAT = dwarf;
				ENABLE_STRICT_OBJC_MSGSEND = YES;
				ENABLE_TESTABILITY = YES;
				ENABLE_USER_SCRIPT_SANDBOXING = YES;
				GCC_C_LANGUAGE_STANDARD = gnu17;
				GCC_DYNAMIC_NO_PIC = NO;
				GCC_NO_COMMON_BLOCKS = YES;
				GCC_OPTIMIZATION_LEVEL = 0;
				GCC_PREPROCESSOR_DEFINITIONS = (
					"DEBUG=1",
					"$(inherited)",
				);
				GCC_WARN_64_TO_32_BIT_CONVERSION = YES;
				GCC_WARN_ABOUT_RETURN_TYPE = YES_ERROR;
				GCC_WARN_UNDECLARED_SELECTOR = YES;
				GCC_WARN_UNINITIALIZED_AUTOS = YES_AGGRESSIVE;
				GCC_WARN_UNUSED_FUNCTION = YES;
				GCC_WARN_UNUSED_VARIABLE = YES;
				IPHONEOS_DEPLOYMENT_TARGET = 17.2;
				LOCALIZATION_PREFERS_STRING_CATALOGS = YES;
				MTL_ENABLE_DEBUG_INFO = INCLUDE_SOURCE;
				MTL_FAST_MATH = YES;
				ONLY_ACTIVE_ARCH = YES;
				SDKROOT = iphoneos;
				SWIFT_ACTIVE_COMPILATION_CONDITIONS = "DEBUG $(inherited)";
				SWIFT_OPTIMIZATION_LEVEL = "-Onone";
			};
			name = Debug;
		};
		48F00A112D5C9501002A016E /* Release */ = {
			isa = XCBuildConfiguration;
			buildSettings = {
				ALWAYS_SEARCH_USER_PATHS = NO;
				ASSETCATALOG_COMPILER_GENERATE_SWIFT_ASSET_SYMBOL_EXTENSIONS = YES;
				CLANG_ANALYZER_NONNULL = YES;
				CLANG_ANALYZER_NUMBER_OBJECT_CONVERSION = YES_AGGRESSIVE;
				CLANG_CXX_LANGUAGE_STANDARD = "gnu++20";
				CLANG_ENABLE_MODULES = YES;
				CLANG_ENABLE_OBJC_ARC = YES;
				CLANG_ENABLE_OBJC_WEAK = YES;
				CLANG_WARN_BLOCK_CAPTURE_AUTORELEASING = YES;
				CLANG_WARN_BOOL_CONVERSION = YES;
				CLANG_WARN_COMMA = YES;
				CLANG_WARN_CONSTANT_CONVERSION = YES;
				CLANG_WARN_DEPRECATED_OBJC_IMPLEMENTATIONS = YES;
				CLANG_WARN_DIRECT_OBJC_ISA_USAGE = YES_ERROR;
				CLANG_WARN_DOCUMENTATION_COMMENTS = YES;
				CLANG_WARN_EMPTY_BODY = YES;
				CLANG_WARN_ENUM_CONVERSION = YES;
				CLANG_WARN_INFINITE_RECURSION = YES;
				CLANG_WARN_INT_CONVERSION = YES;
				CLANG_WARN_NON_LITERAL_NULL_CONVERSION = YES;
				CLANG_WARN_OBJC_IMPLICIT_RETAIN_SELF = YES;
				CLANG_WARN_OBJC_LITERAL_CONVERSION = YES;
				CLANG_WARN_OBJC_ROOT_CLASS = YES_ERROR;
				CLANG_WARN_QUOTED_INCLUDE_IN_FRAMEWORK_HEADER = YES;
				CLANG_WARN_RANGE_LOOP_ANALYSIS = YES;
				CLANG_WARN_STRICT_PROTOTYPES = YES;
				CLANG_WARN_SUSPICIOUS_MOVE = YES;
				CLANG_WARN_UNGUARDED_AVAILABILITY = YES_AGGRESSIVE;
				CLANG_WARN_UNREACHABLE_CODE = YES;
				CLANG_WARN__DUPLICATE_METHOD_MATCH = YES;
				COPY_PHASE_STRIP = NO;
				DEBUG_INFORMATION_FORMAT = "dwarf-with-dsym";
				ENABLE_NS_ASSERTIONS = NO;
				ENABLE_STRICT_OBJC_MSGSEND = YES;
				ENABLE_USER_SCRIPT_SANDBOXING = YES;
				GCC_C_LANGUAGE_STANDARD = gnu17;
				GCC_NO_COMMON_BLOCKS = YES;
				GCC_WARN_64_TO_32_BIT_CONVERSION = YES;
				GCC_WARN_ABOUT_RETURN_TYPE = YES_ERROR;
				GCC_WARN_UNDECLARED_SELECTOR = YES;
				GCC_WARN_UNINITIALIZED_AUTOS = YES_AGGRESSIVE;
				GCC_WARN_UNUSED_FUNCTION = YES;
				GCC_WARN_UNUSED_VARIABLE = YES;
				IPHONEOS_DEPLOYMENT_TARGET = 17.2;
				LOCALIZATION_PREFERS_STRING_CATALOGS = YES;
				MTL_ENABLE_DEBUG_INFO = NO;
				MTL_FAST_MATH = YES;
				SDKROOT = iphoneos;
				SWIFT_COMPILATION_MODE = wholemodule;
				VALIDATE_PRODUCT = YES;
			};
			name = Release;
		};
		48F00A132D5C9501002A016E /* Debug */ = {
			isa = XCBuildConfiguration;
			buildSettings = {
				ASSETCATALOG_COMPILER_APPICON_NAME = AppIcon;
				ASSETCATALOG_COMPILER_GLOBAL_ACCENT_COLOR_NAME = AccentColor;
				CODE_SIGN_STYLE = Automatic;
				CURRENT_PROJECT_VERSION = 1;
				DEVELOPMENT_ASSET_PATHS = "\"M-Commerce-App/Preview Content\"";
				ENABLE_PREVIEWS = YES;
				GENERATE_INFOPLIST_FILE = YES;
				INFOPLIST_KEY_UIApplicationSceneManifest_Generation = YES;
				INFOPLIST_KEY_UIApplicationSupportsIndirectInputEvents = YES;
				INFOPLIST_KEY_UILaunchScreen_Generation = YES;
				INFOPLIST_KEY_UISupportedInterfaceOrientations_iPad = "UIInterfaceOrientationPortrait UIInterfaceOrientationPortraitUpsideDown UIInterfaceOrientationLandscapeLeft UIInterfaceOrientationLandscapeRight";
				INFOPLIST_KEY_UISupportedInterfaceOrientations_iPhone = "UIInterfaceOrientationPortrait UIInterfaceOrientationLandscapeLeft UIInterfaceOrientationLandscapeRight";
				LD_RUNPATH_SEARCH_PATHS = (
					"$(inherited)",
					"@executable_path/Frameworks",
				);
				MARKETING_VERSION = 1.0;
				PRODUCT_BUNDLE_IDENTIFIER = "com.M-Commerce-App";
				PRODUCT_NAME = "$(TARGET_NAME)";
				SWIFT_EMIT_LOC_STRINGS = YES;
				SWIFT_VERSION = 5.0;
				TARGETED_DEVICE_FAMILY = "1,2";
			};
			name = Debug;
		};
		48F00A142D5C9501002A016E /* Release */ = {
			isa = XCBuildConfiguration;
			buildSettings = {
				ASSETCATALOG_COMPILER_APPICON_NAME = AppIcon;
				ASSETCATALOG_COMPILER_GLOBAL_ACCENT_COLOR_NAME = AccentColor;
				CODE_SIGN_STYLE = Automatic;
				CURRENT_PROJECT_VERSION = 1;
				DEVELOPMENT_ASSET_PATHS = "\"M-Commerce-App/Preview Content\"";
				ENABLE_PREVIEWS = YES;
				GENERATE_INFOPLIST_FILE = YES;
				INFOPLIST_KEY_UIApplicationSceneManifest_Generation = YES;
				INFOPLIST_KEY_UIApplicationSupportsIndirectInputEvents = YES;
				INFOPLIST_KEY_UILaunchScreen_Generation = YES;
				INFOPLIST_KEY_UISupportedInterfaceOrientations_iPad = "UIInterfaceOrientationPortrait UIInterfaceOrientationPortraitUpsideDown UIInterfaceOrientationLandscapeLeft UIInterfaceOrientationLandscapeRight";
				INFOPLIST_KEY_UISupportedInterfaceOrientations_iPhone = "UIInterfaceOrientationPortrait UIInterfaceOrientationLandscapeLeft UIInterfaceOrientationLandscapeRight";
				LD_RUNPATH_SEARCH_PATHS = (
					"$(inherited)",
					"@executable_path/Frameworks",
				);
				MARKETING_VERSION = 1.0;
				PRODUCT_BUNDLE_IDENTIFIER = "com.M-Commerce-App";
				PRODUCT_NAME = "$(TARGET_NAME)";
				SWIFT_EMIT_LOC_STRINGS = YES;
				SWIFT_VERSION = 5.0;
				TARGETED_DEVICE_FAMILY = "1,2";
			};
			name = Release;
		};
		48F00A162D5C9501002A016E /* Debug */ = {
			isa = XCBuildConfiguration;
			buildSettings = {
				ALWAYS_EMBED_SWIFT_STANDARD_LIBRARIES = YES;
				BUNDLE_LOADER = "$(TEST_HOST)";
				CODE_SIGN_STYLE = Automatic;
				CURRENT_PROJECT_VERSION = 1;
				GENERATE_INFOPLIST_FILE = YES;
				IPHONEOS_DEPLOYMENT_TARGET = 17.2;
				MARKETING_VERSION = 1.0;
				PRODUCT_BUNDLE_IDENTIFIER = "com.M-Commerce-AppTests";
				PRODUCT_NAME = "$(TARGET_NAME)";
				SWIFT_EMIT_LOC_STRINGS = NO;
				SWIFT_VERSION = 5.0;
				TARGETED_DEVICE_FAMILY = "1,2";
				TEST_HOST = "$(BUILT_PRODUCTS_DIR)/M-Commerce-App.app/$(BUNDLE_EXECUTABLE_FOLDER_PATH)/M-Commerce-App";
			};
			name = Debug;
		};
		48F00A172D5C9501002A016E /* Release */ = {
			isa = XCBuildConfiguration;
			buildSettings = {
				ALWAYS_EMBED_SWIFT_STANDARD_LIBRARIES = YES;
				BUNDLE_LOADER = "$(TEST_HOST)";
				CODE_SIGN_STYLE = Automatic;
				CURRENT_PROJECT_VERSION = 1;
				GENERATE_INFOPLIST_FILE = YES;
				IPHONEOS_DEPLOYMENT_TARGET = 17.2;
				MARKETING_VERSION = 1.0;
				PRODUCT_BUNDLE_IDENTIFIER = "com.M-Commerce-AppTests";
				PRODUCT_NAME = "$(TARGET_NAME)";
				SWIFT_EMIT_LOC_STRINGS = NO;
				SWIFT_VERSION = 5.0;
				TARGETED_DEVICE_FAMILY = "1,2";
				TEST_HOST = "$(BUILT_PRODUCTS_DIR)/M-Commerce-App.app/$(BUNDLE_EXECUTABLE_FOLDER_PATH)/M-Commerce-App";
			};
			name = Release;
		};
		48F00A192D5C9501002A016E /* Debug */ = {
			isa = XCBuildConfiguration;
			buildSettings = {
				ALWAYS_EMBED_SWIFT_STANDARD_LIBRARIES = YES;
				CODE_SIGN_STYLE = Automatic;
				CURRENT_PROJECT_VERSION = 1;
				GENERATE_INFOPLIST_FILE = YES;
				MARKETING_VERSION = 1.0;
				PRODUCT_BUNDLE_IDENTIFIER = "com.M-Commerce-AppUITests";
				PRODUCT_NAME = "$(TARGET_NAME)";
				SWIFT_EMIT_LOC_STRINGS = NO;
				SWIFT_VERSION = 5.0;
				TARGETED_DEVICE_FAMILY = "1,2";
				TEST_TARGET_NAME = "M-Commerce-App";
			};
			name = Debug;
		};
		48F00A1A2D5C9501002A016E /* Release */ = {
			isa = XCBuildConfiguration;
			buildSettings = {
				ALWAYS_EMBED_SWIFT_STANDARD_LIBRARIES = YES;
				CODE_SIGN_STYLE = Automatic;
				CURRENT_PROJECT_VERSION = 1;
				GENERATE_INFOPLIST_FILE = YES;
				MARKETING_VERSION = 1.0;
				PRODUCT_BUNDLE_IDENTIFIER = "com.M-Commerce-AppUITests";
				PRODUCT_NAME = "$(TARGET_NAME)";
				SWIFT_EMIT_LOC_STRINGS = NO;
				SWIFT_VERSION = 5.0;
				TARGETED_DEVICE_FAMILY = "1,2";
				TEST_TARGET_NAME = "M-Commerce-App";
			};
			name = Release;
		};
/* End XCBuildConfiguration section */

/* Begin XCConfigurationList section */
		48F009E72D5C94F9002A016E /* Build configuration list for PBXProject "M-Commerce-App" */ = {
			isa = XCConfigurationList;
			buildConfigurations = (
				48F00A102D5C9501002A016E /* Debug */,
				48F00A112D5C9501002A016E /* Release */,
			);
			defaultConfigurationIsVisible = 0;
			defaultConfigurationName = Release;
		};
		48F00A122D5C9501002A016E /* Build configuration list for PBXNativeTarget "M-Commerce-App" */ = {
			isa = XCConfigurationList;
			buildConfigurations = (
				48F00A132D5C9501002A016E /* Debug */,
				48F00A142D5C9501002A016E /* Release */,
			);
			defaultConfigurationIsVisible = 0;
			defaultConfigurationName = Release;
		};
		48F00A152D5C9501002A016E /* Build configuration list for PBXNativeTarget "M-Commerce-AppTests" */ = {
			isa = XCConfigurationList;
			buildConfigurations = (
				48F00A162D5C9501002A016E /* Debug */,
				48F00A172D5C9501002A016E /* Release */,
			);
			defaultConfigurationIsVisible = 0;
			defaultConfigurationName = Release;
		};
		48F00A182D5C9501002A016E /* Build configuration list for PBXNativeTarget "M-Commerce-AppUITests" */ = {
			isa = XCConfigurationList;
			buildConfigurations = (
				48F00A192D5C9501002A016E /* Debug */,
				48F00A1A2D5C9501002A016E /* Release */,
			);
			defaultConfigurationIsVisible = 0;
			defaultConfigurationName = Release;
		};
/* End XCConfigurationList section */

/* Begin XCLocalSwiftPackageReference section */
		890D86C72D5CD5320062E8D1 /* XCLocalSwiftPackageReference "ShopifyAPIKit" */ = {
			isa = XCLocalSwiftPackageReference;
			relativePath = ShopifyAPIKit;
		};
/* End XCLocalSwiftPackageReference section */

/* Begin XCRemoteSwiftPackageReference section */
		890D86BC2D5CD3EF0062E8D1 /* XCRemoteSwiftPackageReference "apollo-ios" */ = {
			isa = XCRemoteSwiftPackageReference;
			repositoryURL = "https://github.com/apollographql/apollo-ios.git";
			requirement = {
				kind = upToNextMajorVersion;
				minimumVersion = 1.17.0;
			};
		};
/* End XCRemoteSwiftPackageReference section */

/* Begin XCSwiftPackageProductDependency section */
		890D86BD2D5CD3EF0062E8D1 /* Apollo */ = {
			isa = XCSwiftPackageProductDependency;
			package = 890D86BC2D5CD3EF0062E8D1 /* XCRemoteSwiftPackageReference "apollo-ios" */;
			productName = Apollo;
		};
		890D86C82D5CD5320062E8D1 /* ShopifyAPIKit */ = {
			isa = XCSwiftPackageProductDependency;
			productName = ShopifyAPIKit;
		};
/* End XCSwiftPackageProductDependency section */
	};
	rootObject = 48F009E42D5C94F9002A016E /* Project object */;
}
