// !$*UTF8*$!
{
	archiveVersion = 1;
	classes = {
	};
	objectVersion = 63;
	objects = {

/* Begin PBXBuildFile section */
		894B09492D5A50F2006325AC /* CustomNetworkImageView.swift in Sources */ = {isa = PBXBuildFile; fileRef = 894B09292D5A50F2006325AC /* CustomNetworkImageView.swift */; };
		894B094A2D5A50F2006325AC /* CustomSearchBarView.swift in Sources */ = {isa = PBXBuildFile; fileRef = 894B092A2D5A50F2006325AC /* CustomSearchBarView.swift */; };
		894B094B2D5A50F2006325AC /* ShimmerView.swift in Sources */ = {isa = PBXBuildFile; fileRef = 894B092B2D5A50F2006325AC /* ShimmerView.swift */; };
		894B094C2D5A50F2006325AC /* ThemeManager.swift in Sources */ = {isa = PBXBuildFile; fileRef = 894B092E2D5A50F2006325AC /* ThemeManager.swift */; };
		894B094D2D5A50F2006325AC /* favoritesService.swift in Sources */ = {isa = PBXBuildFile; fileRef = 894B09322D5A50F2006325AC /* favoritesService.swift */; };
		894B094E2D5A50F2006325AC /* ProductCardView.swift in Sources */ = {isa = PBXBuildFile; fileRef = 894B09352D5A50F2006325AC /* ProductCardView.swift */; };
		894B094F2D5A50F2006325AC /* FavoritesView.swift in Sources */ = {isa = PBXBuildFile; fileRef = 894B09372D5A50F2006325AC /* FavoritesView.swift */; };
		894B09502D5A50F2006325AC /* ButtonView.swift in Sources */ = {isa = PBXBuildFile; fileRef = 894B09392D5A50F2006325AC /* ButtonView.swift */; };
		894B09512D5A50F2006325AC /* PopupCircleView.swift in Sources */ = {isa = PBXBuildFile; fileRef = 894B093A2D5A50F2006325AC /* PopupCircleView.swift */; };
		894B09522D5A50F2006325AC /* BrandCard.swift in Sources */ = {isa = PBXBuildFile; fileRef = 894B093C2D5A50F2006325AC /* BrandCard.swift */; };
		894B09532D5A50F2006325AC /* BrandsView.swift in Sources */ = {isa = PBXBuildFile; fileRef = 894B093D2D5A50F2006325AC /* BrandsView.swift */; };
		894B09542D5A50F2006325AC /* HeaderView.swift in Sources */ = {isa = PBXBuildFile; fileRef = 894B093E2D5A50F2006325AC /* HeaderView.swift */; };
		894B09552D5A50F2006325AC /* HomePageView.swift in Sources */ = {isa = PBXBuildFile; fileRef = 894B09402D5A50F2006325AC /* HomePageView.swift */; };
		894B09562D5A50F2006325AC /* ContentView.swift in Sources */ = {isa = PBXBuildFile; fileRef = 894B09462D5A50F2006325AC /* ContentView.swift */; };
		894B09572D5A50F2006325AC /* M_CommerceApp.swift in Sources */ = {isa = PBXBuildFile; fileRef = 894B09472D5A50F2006325AC /* M_CommerceApp.swift */; };
		894B09582D5A50F2006325AC /* Preview Assets.xcassets in Resources */ = {isa = PBXBuildFile; fileRef = 894B09302D5A50F2006325AC /* Preview Assets.xcassets */; };
		894B09592D5A50F2006325AC /* Assets.xcassets in Resources */ = {isa = PBXBuildFile; fileRef = 894B09452D5A50F2006325AC /* Assets.xcassets */; };
		894B095C2D5A50F6006325AC /* M_CommerceTests.swift in Sources */ = {isa = PBXBuildFile; fileRef = 894B095A2D5A50F6006325AC /* M_CommerceTests.swift */; };
		894B09602D5A50FA006325AC /* M_CommerceUITests.swift in Sources */ = {isa = PBXBuildFile; fileRef = 894B095D2D5A50FA006325AC /* M_CommerceUITests.swift */; };
		894B09612D5A50FA006325AC /* M_CommerceUITestsLaunchTests.swift in Sources */ = {isa = PBXBuildFile; fileRef = 894B095E2D5A50FA006325AC /* M_CommerceUITestsLaunchTests.swift */; };
/* End PBXBuildFile section */

/* Begin PBXContainerItemProxy section */
		8930E39A2D59161100DCD5D8 /* PBXContainerItemProxy */ = {
			isa = PBXContainerItemProxy;
			containerPortal = 8930E3812D59160F00DCD5D8 /* Project object */;
			proxyType = 1;
			remoteGlobalIDString = 8930E3882D59160F00DCD5D8;
			remoteInfo = "M-Commerce";
		};
		8930E3A42D59161100DCD5D8 /* PBXContainerItemProxy */ = {
			isa = PBXContainerItemProxy;
			containerPortal = 8930E3812D59160F00DCD5D8 /* Project object */;
			proxyType = 1;
			remoteGlobalIDString = 8930E3882D59160F00DCD5D8;
			remoteInfo = "M-Commerce";
		};
/* End PBXContainerItemProxy section */

/* Begin PBXFileReference section */
		8930E3892D59160F00DCD5D8 /* M-Commerce.app */ = {isa = PBXFileReference; explicitFileType = wrapper.application; includeInIndex = 0; path = "M-Commerce.app"; sourceTree = BUILT_PRODUCTS_DIR; };
		8930E3992D59161100DCD5D8 /* M-CommerceTests.xctest */ = {isa = PBXFileReference; explicitFileType = wrapper.cfbundle; includeInIndex = 0; path = "M-CommerceTests.xctest"; sourceTree = BUILT_PRODUCTS_DIR; };
		8930E3A32D59161100DCD5D8 /* M-CommerceUITests.xctest */ = {isa = PBXFileReference; explicitFileType = wrapper.cfbundle; includeInIndex = 0; path = "M-CommerceUITests.xctest"; sourceTree = BUILT_PRODUCTS_DIR; };
		894B09292D5A50F2006325AC /* CustomNetworkImageView.swift */ = {isa = PBXFileReference; lastKnownFileType = sourcecode.swift; path = CustomNetworkImageView.swift; sourceTree = "<group>"; };
		894B092A2D5A50F2006325AC /* CustomSearchBarView.swift */ = {isa = PBXFileReference; lastKnownFileType = sourcecode.swift; path = CustomSearchBarView.swift; sourceTree = "<group>"; };
		894B092B2D5A50F2006325AC /* ShimmerView.swift */ = {isa = PBXFileReference; lastKnownFileType = sourcecode.swift; path = ShimmerView.swift; sourceTree = "<group>"; };
		894B092E2D5A50F2006325AC /* ThemeManager.swift */ = {isa = PBXFileReference; lastKnownFileType = sourcecode.swift; path = ThemeManager.swift; sourceTree = "<group>"; };
		894B09302D5A50F2006325AC /* Preview Assets.xcassets */ = {isa = PBXFileReference; lastKnownFileType = folder.assetcatalog; path = "Preview Assets.xcassets"; sourceTree = "<group>"; };
		894B09322D5A50F2006325AC /* favoritesService.swift */ = {isa = PBXFileReference; lastKnownFileType = sourcecode.swift; path = favoritesService.swift; sourceTree = "<group>"; };
		894B09352D5A50F2006325AC /* ProductCardView.swift */ = {isa = PBXFileReference; lastKnownFileType = sourcecode.swift; path = ProductCardView.swift; sourceTree = "<group>"; };
		894B09372D5A50F2006325AC /* FavoritesView.swift */ = {isa = PBXFileReference; lastKnownFileType = sourcecode.swift; path = FavoritesView.swift; sourceTree = "<group>"; };
		894B09392D5A50F2006325AC /* ButtonView.swift */ = {isa = PBXFileReference; lastKnownFileType = sourcecode.swift; path = ButtonView.swift; sourceTree = "<group>"; };
		894B093A2D5A50F2006325AC /* PopupCircleView.swift */ = {isa = PBXFileReference; lastKnownFileType = sourcecode.swift; path = PopupCircleView.swift; sourceTree = "<group>"; };
		894B093C2D5A50F2006325AC /* BrandCard.swift */ = {isa = PBXFileReference; lastKnownFileType = sourcecode.swift; path = BrandCard.swift; sourceTree = "<group>"; };
		894B093D2D5A50F2006325AC /* BrandsView.swift */ = {isa = PBXFileReference; lastKnownFileType = sourcecode.swift; path = BrandsView.swift; sourceTree = "<group>"; };
		894B093E2D5A50F2006325AC /* HeaderView.swift */ = {isa = PBXFileReference; lastKnownFileType = sourcecode.swift; path = HeaderView.swift; sourceTree = "<group>"; };
		894B09402D5A50F2006325AC /* HomePageView.swift */ = {isa = PBXFileReference; lastKnownFileType = sourcecode.swift; path = HomePageView.swift; sourceTree = "<group>"; };
		894B09452D5A50F2006325AC /* Assets.xcassets */ = {isa = PBXFileReference; lastKnownFileType = folder.assetcatalog; path = Assets.xcassets; sourceTree = "<group>"; };
		894B09462D5A50F2006325AC /* ContentView.swift */ = {isa = PBXFileReference; lastKnownFileType = sourcecode.swift; path = ContentView.swift; sourceTree = "<group>"; };
		894B09472D5A50F2006325AC /* M_CommerceApp.swift */ = {isa = PBXFileReference; lastKnownFileType = sourcecode.swift; path = M_CommerceApp.swift; sourceTree = "<group>"; };
		894B095A2D5A50F6006325AC /* M_CommerceTests.swift */ = {isa = PBXFileReference; lastKnownFileType = sourcecode.swift; path = M_CommerceTests.swift; sourceTree = "<group>"; };
		894B095D2D5A50FA006325AC /* M_CommerceUITests.swift */ = {isa = PBXFileReference; lastKnownFileType = sourcecode.swift; path = M_CommerceUITests.swift; sourceTree = "<group>"; };
		894B095E2D5A50FA006325AC /* M_CommerceUITestsLaunchTests.swift */ = {isa = PBXFileReference; lastKnownFileType = sourcecode.swift; path = M_CommerceUITestsLaunchTests.swift; sourceTree = "<group>"; };
/* End PBXFileReference section */

/* Begin PBXFrameworksBuildPhase section */
		8930E3862D59160F00DCD5D8 /* Frameworks */ = {
			isa = PBXFrameworksBuildPhase;
			buildActionMask = 2147483647;
			files = (
			);
			runOnlyForDeploymentPostprocessing = 0;
		};
		8930E3962D59161100DCD5D8 /* Frameworks */ = {
			isa = PBXFrameworksBuildPhase;
			buildActionMask = 2147483647;
			files = (
			);
			runOnlyForDeploymentPostprocessing = 0;
		};
		8930E3A02D59161100DCD5D8 /* Frameworks */ = {
			isa = PBXFrameworksBuildPhase;
			buildActionMask = 2147483647;
			files = (
			);
			runOnlyForDeploymentPostprocessing = 0;
		};
/* End PBXFrameworksBuildPhase section */

/* Begin PBXGroup section */
		8930E3802D59160F00DCD5D8 = {
			isa = PBXGroup;
			children = (
				894B09482D5A50F2006325AC /* M-Commerce */,
				894B095B2D5A50F6006325AC /* M-CommerceTests */,
				894B095F2D5A50FA006325AC /* M-CommerceUITests */,
				8930E38A2D59160F00DCD5D8 /* Products */,
			);
			sourceTree = "<group>";
		};
		8930E38A2D59160F00DCD5D8 /* Products */ = {
			isa = PBXGroup;
			children = (
				8930E3892D59160F00DCD5D8 /* M-Commerce.app */,
				8930E3992D59161100DCD5D8 /* M-CommerceTests.xctest */,
				8930E3A32D59161100DCD5D8 /* M-CommerceUITests.xctest */,
			);
			name = Products;
			sourceTree = "<group>";
		};
		894B092C2D5A50F2006325AC /* Views */ = {
			isa = PBXGroup;
			children = (
				894B09292D5A50F2006325AC /* CustomNetworkImageView.swift */,
				894B092A2D5A50F2006325AC /* CustomSearchBarView.swift */,
				894B092B2D5A50F2006325AC /* ShimmerView.swift */,
			);
			path = Views;
			sourceTree = "<group>";
		};
		894B092D2D5A50F2006325AC /* Common */ = {
			isa = PBXGroup;
			children = (
				894B092C2D5A50F2006325AC /* Views */,
			);
			path = Common;
			sourceTree = "<group>";
		};
		894B092F2D5A50F2006325AC /* Helpers */ = {
			isa = PBXGroup;
			children = (
				894B092E2D5A50F2006325AC /* ThemeManager.swift */,
			);
			path = Helpers;
			sourceTree = "<group>";
		};
		894B09312D5A50F2006325AC /* Preview Content */ = {
			isa = PBXGroup;
			children = (
				894B09302D5A50F2006325AC /* Preview Assets.xcassets */,
			);
			path = "Preview Content";
			sourceTree = "<group>";
		};
		894B09332D5A50F2006325AC /* Services */ = {
			isa = PBXGroup;
			children = (
				894B09322D5A50F2006325AC /* favoritesService.swift */,
			);
			path = Services;
			sourceTree = "<group>";
		};
		894B09342D5A50F2006325AC /* Model */ = {
			isa = PBXGroup;
			children = (
				894B09332D5A50F2006325AC /* Services */,
			);
			path = Model;
			sourceTree = "<group>";
		};
		894B09362D5A50F2006325AC /* Views */ = {
			isa = PBXGroup;
			children = (
				894B09352D5A50F2006325AC /* ProductCardView.swift */,
			);
			path = Views;
			sourceTree = "<group>";
		};
		894B09382D5A50F2006325AC /* Favorites */ = {
			isa = PBXGroup;
			children = (
				894B09342D5A50F2006325AC /* Model */,
				894B09362D5A50F2006325AC /* Views */,
				894B09372D5A50F2006325AC /* FavoritesView.swift */,
			);
			path = Favorites;
			sourceTree = "<group>";
		};
		894B093B2D5A50F2006325AC /* ToolBar */ = {
			isa = PBXGroup;
			children = (
				894B09392D5A50F2006325AC /* ButtonView.swift */,
				894B093A2D5A50F2006325AC /* PopupCircleView.swift */,
			);
			path = ToolBar;
			sourceTree = "<group>";
		};
		894B093F2D5A50F2006325AC /* HomeSubViews */ = {
			isa = PBXGroup;
			children = (
				894B093B2D5A50F2006325AC /* ToolBar */,
				894B093C2D5A50F2006325AC /* BrandCard.swift */,
				894B093D2D5A50F2006325AC /* BrandsView.swift */,
				894B093E2D5A50F2006325AC /* HeaderView.swift */,
			);
			path = HomeSubViews;
			sourceTree = "<group>";
		};
		894B09412D5A50F2006325AC /* HomeView */ = {
			isa = PBXGroup;
			children = (
				894B09402D5A50F2006325AC /* HomePageView.swift */,
			);
			path = HomeView;
			sourceTree = "<group>";
		};
		894B09422D5A50F2006325AC /* Views */ = {
			isa = PBXGroup;
			children = (
				894B093F2D5A50F2006325AC /* HomeSubViews */,
				894B09412D5A50F2006325AC /* HomeView */,
			);
			path = Views;
			sourceTree = "<group>";
		};
		894B09432D5A50F2006325AC /* Home */ = {
			isa = PBXGroup;
			children = (
				894B09422D5A50F2006325AC /* Views */,
			);
			path = Home;
			sourceTree = "<group>";
		};
		894B09442D5A50F2006325AC /* Screens */ = {
			isa = PBXGroup;
			children = (
				894B09382D5A50F2006325AC /* Favorites */,
				894B09432D5A50F2006325AC /* Home */,
			);
			path = Screens;
			sourceTree = "<group>";
		};
		894B09482D5A50F2006325AC /* M-Commerce */ = {
			isa = PBXGroup;
			children = (
				894B092D2D5A50F2006325AC /* Common */,
				894B092F2D5A50F2006325AC /* Helpers */,
				894B09312D5A50F2006325AC /* Preview Content */,
				894B09442D5A50F2006325AC /* Screens */,
				894B09452D5A50F2006325AC /* Assets.xcassets */,
				894B09462D5A50F2006325AC /* ContentView.swift */,
				894B09472D5A50F2006325AC /* M_CommerceApp.swift */,
			);
			path = "M-Commerce";
			sourceTree = "<group>";
		};
		894B095B2D5A50F6006325AC /* M-CommerceTests */ = {
			isa = PBXGroup;
			children = (
				894B095A2D5A50F6006325AC /* M_CommerceTests.swift */,
			);
			path = "M-CommerceTests";
			sourceTree = "<group>";
		};
		894B095F2D5A50FA006325AC /* M-CommerceUITests */ = {
			isa = PBXGroup;
			children = (
				894B095D2D5A50FA006325AC /* M_CommerceUITests.swift */,
				894B095E2D5A50FA006325AC /* M_CommerceUITestsLaunchTests.swift */,
			);
			path = "M-CommerceUITests";
			sourceTree = "<group>";
		};
/* End PBXGroup section */

/* Begin PBXNativeTarget section */
		8930E3882D59160F00DCD5D8 /* M-Commerce */ = {
			isa = PBXNativeTarget;
			buildConfigurationList = 8930E3AD2D59161100DCD5D8 /* Build configuration list for PBXNativeTarget "M-Commerce" */;
			buildPhases = (
				8930E3852D59160F00DCD5D8 /* Sources */,
				8930E3862D59160F00DCD5D8 /* Frameworks */,
				8930E3872D59160F00DCD5D8 /* Resources */,
			);
			buildRules = (
			);
			dependencies = (
			);
			name = "M-Commerce";
			packageProductDependencies = (
			);
			productName = "M-Commerce";
			productReference = 8930E3892D59160F00DCD5D8 /* M-Commerce.app */;
			productType = "com.apple.product-type.application";
		};
		8930E3982D59161100DCD5D8 /* M-CommerceTests */ = {
			isa = PBXNativeTarget;
			buildConfigurationList = 8930E3B02D59161100DCD5D8 /* Build configuration list for PBXNativeTarget "M-CommerceTests" */;
			buildPhases = (
				8930E3952D59161100DCD5D8 /* Sources */,
				8930E3962D59161100DCD5D8 /* Frameworks */,
				8930E3972D59161100DCD5D8 /* Resources */,
			);
			buildRules = (
			);
			dependencies = (
				8930E39B2D59161100DCD5D8 /* PBXTargetDependency */,
			);
			name = "M-CommerceTests";
			packageProductDependencies = (
			);
			productName = "M-CommerceTests";
			productReference = 8930E3992D59161100DCD5D8 /* M-CommerceTests.xctest */;
			productType = "com.apple.product-type.bundle.unit-test";
		};
		8930E3A22D59161100DCD5D8 /* M-CommerceUITests */ = {
			isa = PBXNativeTarget;
			buildConfigurationList = 8930E3B32D59161100DCD5D8 /* Build configuration list for PBXNativeTarget "M-CommerceUITests" */;
			buildPhases = (
				8930E39F2D59161100DCD5D8 /* Sources */,
				8930E3A02D59161100DCD5D8 /* Frameworks */,
				8930E3A12D59161100DCD5D8 /* Resources */,
			);
			buildRules = (
			);
			dependencies = (
				8930E3A52D59161100DCD5D8 /* PBXTargetDependency */,
			);
			name = "M-CommerceUITests";
			packageProductDependencies = (
			);
			productName = "M-CommerceUITests";
			productReference = 8930E3A32D59161100DCD5D8 /* M-CommerceUITests.xctest */;
			productType = "com.apple.product-type.bundle.ui-testing";
		};
/* End PBXNativeTarget section */

/* Begin PBXProject section */
		8930E3812D59160F00DCD5D8 /* Project object */ = {
			isa = PBXProject;
			attributes = {
				BuildIndependentTargetsInParallel = 1;
				LastSwiftUpdateCheck = 1620;
				LastUpgradeCheck = 1620;
				TargetAttributes = {
					8930E3882D59160F00DCD5D8 = {
						CreatedOnToolsVersion = 16.2;
					};
					8930E3982D59161100DCD5D8 = {
						CreatedOnToolsVersion = 16.2;
						TestTargetID = 8930E3882D59160F00DCD5D8;
					};
					8930E3A22D59161100DCD5D8 = {
						CreatedOnToolsVersion = 16.2;
						TestTargetID = 8930E3882D59160F00DCD5D8;
					};
				};
			};
			buildConfigurationList = 8930E3842D59160F00DCD5D8 /* Build configuration list for PBXProject "M-Commerce" */;
			compatibilityVersion = "Xcode 15.0";
			developmentRegion = en;
			hasScannedForEncodings = 0;
			knownRegions = (
				en,
				Base,
			);
			mainGroup = 8930E3802D59160F00DCD5D8;
			minimizedProjectReferenceProxies = 1;
			productRefGroup = 8930E38A2D59160F00DCD5D8 /* Products */;
			projectDirPath = "";
			projectRoot = "";
			targets = (
				8930E3882D59160F00DCD5D8 /* M-Commerce */,
				8930E3982D59161100DCD5D8 /* M-CommerceTests */,
				8930E3A22D59161100DCD5D8 /* M-CommerceUITests */,
			);
		};
/* End PBXProject section */

/* Begin PBXResourcesBuildPhase section */
		8930E3872D59160F00DCD5D8 /* Resources */ = {
			isa = PBXResourcesBuildPhase;
			buildActionMask = 2147483647;
			files = (
				894B09582D5A50F2006325AC /* Preview Assets.xcassets in Resources */,
				894B09592D5A50F2006325AC /* Assets.xcassets in Resources */,
			);
			runOnlyForDeploymentPostprocessing = 0;
		};
		8930E3972D59161100DCD5D8 /* Resources */ = {
			isa = PBXResourcesBuildPhase;
			buildActionMask = 2147483647;
			files = (
			);
			runOnlyForDeploymentPostprocessing = 0;
		};
		8930E3A12D59161100DCD5D8 /* Resources */ = {
			isa = PBXResourcesBuildPhase;
			buildActionMask = 2147483647;
			files = (
			);
			runOnlyForDeploymentPostprocessing = 0;
		};
/* End PBXResourcesBuildPhase section */

/* Begin PBXSourcesBuildPhase section */
		8930E3852D59160F00DCD5D8 /* Sources */ = {
			isa = PBXSourcesBuildPhase;
			buildActionMask = 2147483647;
			files = (
				894B09492D5A50F2006325AC /* CustomNetworkImageView.swift in Sources */,
				894B094A2D5A50F2006325AC /* CustomSearchBarView.swift in Sources */,
				894B094B2D5A50F2006325AC /* ShimmerView.swift in Sources */,
				894B094C2D5A50F2006325AC /* ThemeManager.swift in Sources */,
				894B094D2D5A50F2006325AC /* favoritesService.swift in Sources */,
				894B094E2D5A50F2006325AC /* ProductCardView.swift in Sources */,
				894B094F2D5A50F2006325AC /* FavoritesView.swift in Sources */,
				894B09502D5A50F2006325AC /* ButtonView.swift in Sources */,
				894B09512D5A50F2006325AC /* PopupCircleView.swift in Sources */,
				894B09522D5A50F2006325AC /* BrandCard.swift in Sources */,
				894B09532D5A50F2006325AC /* BrandsView.swift in Sources */,
				894B09542D5A50F2006325AC /* HeaderView.swift in Sources */,
				894B09552D5A50F2006325AC /* HomePageView.swift in Sources */,
				894B09562D5A50F2006325AC /* ContentView.swift in Sources */,
				894B09572D5A50F2006325AC /* M_CommerceApp.swift in Sources */,
			);
			runOnlyForDeploymentPostprocessing = 0;
		};
		8930E3952D59161100DCD5D8 /* Sources */ = {
			isa = PBXSourcesBuildPhase;
			buildActionMask = 2147483647;
			files = (
				894B095C2D5A50F6006325AC /* M_CommerceTests.swift in Sources */,
			);
			runOnlyForDeploymentPostprocessing = 0;
		};
		8930E39F2D59161100DCD5D8 /* Sources */ = {
			isa = PBXSourcesBuildPhase;
			buildActionMask = 2147483647;
			files = (
				894B09602D5A50FA006325AC /* M_CommerceUITests.swift in Sources */,
				894B09612D5A50FA006325AC /* M_CommerceUITestsLaunchTests.swift in Sources */,
			);
			runOnlyForDeploymentPostprocessing = 0;
		};
/* End PBXSourcesBuildPhase section */

/* Begin PBXTargetDependency section */
		8930E39B2D59161100DCD5D8 /* PBXTargetDependency */ = {
			isa = PBXTargetDependency;
			target = 8930E3882D59160F00DCD5D8 /* M-Commerce */;
			targetProxy = 8930E39A2D59161100DCD5D8 /* PBXContainerItemProxy */;
		};
		8930E3A52D59161100DCD5D8 /* PBXTargetDependency */ = {
			isa = PBXTargetDependency;
			target = 8930E3882D59160F00DCD5D8 /* M-Commerce */;
			targetProxy = 8930E3A42D59161100DCD5D8 /* PBXContainerItemProxy */;
		};
/* End PBXTargetDependency section */

/* Begin XCBuildConfiguration section */
		8930E3AB2D59161100DCD5D8 /* Debug */ = {
			isa = XCBuildConfiguration;
			buildSettings = {
				ALWAYS_SEARCH_USER_PATHS = NO;
				ASSETCATALOG_COMPILER_GENERATE_SWIFT_ASSET_SYMBOL_EXTENSIONS = YES;
				CLANG_ANALYZER_NONNULL = YES;
				CLANG_ANALYZER_NUMBER_OBJECT_CONVERSION = YES_AGGRESSIVE;
				CLANG_CXX_LANGUAGE_STANDARD = "gnu++20";
				CLANG_ENABLE_MODULES = YES;
				CLANG_ENABLE_OBJC_ARC = YES;
				CLANG_ENABLE_OBJC_WEAK = YES;
				CLANG_WARN_BLOCK_CAPTURE_AUTORELEASING = YES;
				CLANG_WARN_BOOL_CONVERSION = YES;
				CLANG_WARN_COMMA = YES;
				CLANG_WARN_CONSTANT_CONVERSION = YES;
				CLANG_WARN_DEPRECATED_OBJC_IMPLEMENTATIONS = YES;
				CLANG_WARN_DIRECT_OBJC_ISA_USAGE = YES_ERROR;
				CLANG_WARN_DOCUMENTATION_COMMENTS = YES;
				CLANG_WARN_EMPTY_BODY = YES;
				CLANG_WARN_ENUM_CONVERSION = YES;
				CLANG_WARN_INFINITE_RECURSION = YES;
				CLANG_WARN_INT_CONVERSION = YES;
				CLANG_WARN_NON_LITERAL_NULL_CONVERSION = YES;
				CLANG_WARN_OBJC_IMPLICIT_RETAIN_SELF = YES;
				CLANG_WARN_OBJC_LITERAL_CONVERSION = YES;
				CLANG_WARN_OBJC_ROOT_CLASS = YES_ERROR;
				CLANG_WARN_QUOTED_INCLUDE_IN_FRAMEWORK_HEADER = YES;
				CLANG_WARN_RANGE_LOOP_ANALYSIS = YES;
				CLANG_WARN_STRICT_PROTOTYPES = YES;
				CLANG_WARN_SUSPICIOUS_MOVE = YES;
				CLANG_WARN_UNGUARDED_AVAILABILITY = YES_AGGRESSIVE;
				CLANG_WARN_UNREACHABLE_CODE = YES;
				CLANG_WARN__DUPLICATE_METHOD_MATCH = YES;
				COPY_PHASE_STRIP = NO;
				DEBUG_INFORMATION_FORMAT = dwarf;
				ENABLE_STRICT_OBJC_MSGSEND = YES;
				ENABLE_TESTABILITY = YES;
				ENABLE_USER_SCRIPT_SANDBOXING = YES;
				GCC_C_LANGUAGE_STANDARD = gnu17;
				GCC_DYNAMIC_NO_PIC = NO;
				GCC_NO_COMMON_BLOCKS = YES;
				GCC_OPTIMIZATION_LEVEL = 0;
				GCC_PREPROCESSOR_DEFINITIONS = (
					"DEBUG=1",
					"$(inherited)",
				);
				GCC_WARN_64_TO_32_BIT_CONVERSION = YES;
				GCC_WARN_ABOUT_RETURN_TYPE = YES_ERROR;
				GCC_WARN_UNDECLARED_SELECTOR = YES;
				GCC_WARN_UNINITIALIZED_AUTOS = YES_AGGRESSIVE;
				GCC_WARN_UNUSED_FUNCTION = YES;
				GCC_WARN_UNUSED_VARIABLE = YES;
				IPHONEOS_DEPLOYMENT_TARGET = 18.2;
				LOCALIZATION_PREFERS_STRING_CATALOGS = YES;
				MTL_ENABLE_DEBUG_INFO = INCLUDE_SOURCE;
				MTL_FAST_MATH = YES;
				ONLY_ACTIVE_ARCH = YES;
				SDKROOT = iphoneos;
				SWIFT_ACTIVE_COMPILATION_CONDITIONS = "DEBUG $(inherited)";
				SWIFT_OPTIMIZATION_LEVEL = "-Onone";
			};
			name = Debug;
		};
		8930E3AC2D59161100DCD5D8 /* Release */ = {
			isa = XCBuildConfiguration;
			buildSettings = {
				ALWAYS_SEARCH_USER_PATHS = NO;
				ASSETCATALOG_COMPILER_GENERATE_SWIFT_ASSET_SYMBOL_EXTENSIONS = YES;
				CLANG_ANALYZER_NONNULL = YES;
				CLANG_ANALYZER_NUMBER_OBJECT_CONVERSION = YES_AGGRESSIVE;
				CLANG_CXX_LANGUAGE_STANDARD = "gnu++20";
				CLANG_ENABLE_MODULES = YES;
				CLANG_ENABLE_OBJC_ARC = YES;
				CLANG_ENABLE_OBJC_WEAK = YES;
				CLANG_WARN_BLOCK_CAPTURE_AUTORELEASING = YES;
				CLANG_WARN_BOOL_CONVERSION = YES;
				CLANG_WARN_COMMA = YES;
				CLANG_WARN_CONSTANT_CONVERSION = YES;
				CLANG_WARN_DEPRECATED_OBJC_IMPLEMENTATIONS = YES;
				CLANG_WARN_DIRECT_OBJC_ISA_USAGE = YES_ERROR;
				CLANG_WARN_DOCUMENTATION_COMMENTS = YES;
				CLANG_WARN_EMPTY_BODY = YES;
				CLANG_WARN_ENUM_CONVERSION = YES;
				CLANG_WARN_INFINITE_RECURSION = YES;
				CLANG_WARN_INT_CONVERSION = YES;
				CLANG_WARN_NON_LITERAL_NULL_CONVERSION = YES;
				CLANG_WARN_OBJC_IMPLICIT_RETAIN_SELF = YES;
				CLANG_WARN_OBJC_LITERAL_CONVERSION = YES;
				CLANG_WARN_OBJC_ROOT_CLASS = YES_ERROR;
				CLANG_WARN_QUOTED_INCLUDE_IN_FRAMEWORK_HEADER = YES;
				CLANG_WARN_RANGE_LOOP_ANALYSIS = YES;
				CLANG_WARN_STRICT_PROTOTYPES = YES;
				CLANG_WARN_SUSPICIOUS_MOVE = YES;
				CLANG_WARN_UNGUARDED_AVAILABILITY = YES_AGGRESSIVE;
				CLANG_WARN_UNREACHABLE_CODE = YES;
				CLANG_WARN__DUPLICATE_METHOD_MATCH = YES;
				COPY_PHASE_STRIP = NO;
				DEBUG_INFORMATION_FORMAT = "dwarf-with-dsym";
				ENABLE_NS_ASSERTIONS = NO;
				ENABLE_STRICT_OBJC_MSGSEND = YES;
				ENABLE_USER_SCRIPT_SANDBOXING = YES;
				GCC_C_LANGUAGE_STANDARD = gnu17;
				GCC_NO_COMMON_BLOCKS = YES;
				GCC_WARN_64_TO_32_BIT_CONVERSION = YES;
				GCC_WARN_ABOUT_RETURN_TYPE = YES_ERROR;
				GCC_WARN_UNDECLARED_SELECTOR = YES;
				GCC_WARN_UNINITIALIZED_AUTOS = YES_AGGRESSIVE;
				GCC_WARN_UNUSED_FUNCTION = YES;
				GCC_WARN_UNUSED_VARIABLE = YES;
				IPHONEOS_DEPLOYMENT_TARGET = 18.2;
				LOCALIZATION_PREFERS_STRING_CATALOGS = YES;
				MTL_ENABLE_DEBUG_INFO = NO;
				MTL_FAST_MATH = YES;
				SDKROOT = iphoneos;
				SWIFT_COMPILATION_MODE = wholemodule;
				VALIDATE_PRODUCT = YES;
			};
			name = Release;
		};
		8930E3AE2D59161100DCD5D8 /* Debug */ = {
			isa = XCBuildConfiguration;
			buildSettings = {
				ASSETCATALOG_COMPILER_APPICON_NAME = AppIcon;
				ASSETCATALOG_COMPILER_GLOBAL_ACCENT_COLOR_NAME = AccentColor;
				CODE_SIGN_STYLE = Automatic;
				CURRENT_PROJECT_VERSION = 1;
				DEVELOPMENT_ASSET_PATHS = "\"M-Commerce/Preview Content\"";
				DEVELOPMENT_TEAM = RY8QUA6KKV;
				ENABLE_PREVIEWS = YES;
				GENERATE_INFOPLIST_FILE = YES;
				INFOPLIST_KEY_UIApplicationSceneManifest_Generation = YES;
				INFOPLIST_KEY_UIApplicationSupportsIndirectInputEvents = YES;
				INFOPLIST_KEY_UILaunchScreen_Generation = YES;
				INFOPLIST_KEY_UISupportedInterfaceOrientations_iPad = "UIInterfaceOrientationPortrait UIInterfaceOrientationPortraitUpsideDown UIInterfaceOrientationLandscapeLeft UIInterfaceOrientationLandscapeRight";
				INFOPLIST_KEY_UISupportedInterfaceOrientations_iPhone = "UIInterfaceOrientationPortrait UIInterfaceOrientationLandscapeLeft UIInterfaceOrientationLandscapeRight";
				IPHONEOS_DEPLOYMENT_TARGET = 17.2;
				LD_RUNPATH_SEARCH_PATHS = (
					"$(inherited)",
					"@executable_path/Frameworks",
				);
				MARKETING_VERSION = 1.0;
				PRODUCT_BUNDLE_IDENTIFIER = "test.M-Commerce";
				PRODUCT_NAME = "$(TARGET_NAME)";
				SWIFT_EMIT_LOC_STRINGS = YES;
				SWIFT_VERSION = 5.0;
				TARGETED_DEVICE_FAMILY = "1,2";
			};
			name = Debug;
		};
		8930E3AF2D59161100DCD5D8 /* Release */ = {
			isa = XCBuildConfiguration;
			buildSettings = {
				ASSETCATALOG_COMPILER_APPICON_NAME = AppIcon;
				ASSETCATALOG_COMPILER_GLOBAL_ACCENT_COLOR_NAME = AccentColor;
				CODE_SIGN_STYLE = Automatic;
				CURRENT_PROJECT_VERSION = 1;
				DEVELOPMENT_ASSET_PATHS = "\"M-Commerce/Preview Content\"";
				DEVELOPMENT_TEAM = RY8QUA6KKV;
				ENABLE_PREVIEWS = YES;
				GENERATE_INFOPLIST_FILE = YES;
				INFOPLIST_KEY_UIApplicationSceneManifest_Generation = YES;
				INFOPLIST_KEY_UIApplicationSupportsIndirectInputEvents = YES;
				INFOPLIST_KEY_UILaunchScreen_Generation = YES;
				INFOPLIST_KEY_UISupportedInterfaceOrientations_iPad = "UIInterfaceOrientationPortrait UIInterfaceOrientationPortraitUpsideDown UIInterfaceOrientationLandscapeLeft UIInterfaceOrientationLandscapeRight";
				INFOPLIST_KEY_UISupportedInterfaceOrientations_iPhone = "UIInterfaceOrientationPortrait UIInterfaceOrientationLandscapeLeft UIInterfaceOrientationLandscapeRight";
				IPHONEOS_DEPLOYMENT_TARGET = 17.2;
				LD_RUNPATH_SEARCH_PATHS = (
					"$(inherited)",
					"@executable_path/Frameworks",
				);
				MARKETING_VERSION = 1.0;
				PRODUCT_BUNDLE_IDENTIFIER = "test.M-Commerce";
				PRODUCT_NAME = "$(TARGET_NAME)";
				SWIFT_EMIT_LOC_STRINGS = YES;
				SWIFT_VERSION = 5.0;
				TARGETED_DEVICE_FAMILY = "1,2";
			};
			name = Release;
		};
		8930E3B12D59161100DCD5D8 /* Debug */ = {
			isa = XCBuildConfiguration;
			buildSettings = {
				BUNDLE_LOADER = "$(TEST_HOST)";
				CODE_SIGN_STYLE = Automatic;
				CURRENT_PROJECT_VERSION = 1;
				GENERATE_INFOPLIST_FILE = YES;
				IPHONEOS_DEPLOYMENT_TARGET = 18.2;
				MARKETING_VERSION = 1.0;
				PRODUCT_BUNDLE_IDENTIFIER = "test.M-CommerceTests";
				PRODUCT_NAME = "$(TARGET_NAME)";
				SWIFT_EMIT_LOC_STRINGS = NO;
				SWIFT_VERSION = 5.0;
				TARGETED_DEVICE_FAMILY = "1,2";
				TEST_HOST = "$(BUILT_PRODUCTS_DIR)/M-Commerce.app/$(BUNDLE_EXECUTABLE_FOLDER_PATH)/M-Commerce";
			};
			name = Debug;
		};
		8930E3B22D59161100DCD5D8 /* Release */ = {
			isa = XCBuildConfiguration;
			buildSettings = {
				BUNDLE_LOADER = "$(TEST_HOST)";
				CODE_SIGN_STYLE = Automatic;
				CURRENT_PROJECT_VERSION = 1;
				GENERATE_INFOPLIST_FILE = YES;
				IPHONEOS_DEPLOYMENT_TARGET = 18.2;
				MARKETING_VERSION = 1.0;
				PRODUCT_BUNDLE_IDENTIFIER = "test.M-CommerceTests";
				PRODUCT_NAME = "$(TARGET_NAME)";
				SWIFT_EMIT_LOC_STRINGS = NO;
				SWIFT_VERSION = 5.0;
				TARGETED_DEVICE_FAMILY = "1,2";
				TEST_HOST = "$(BUILT_PRODUCTS_DIR)/M-Commerce.app/$(BUNDLE_EXECUTABLE_FOLDER_PATH)/M-Commerce";
			};
			name = Release;
		};
		8930E3B42D59161100DCD5D8 /* Debug */ = {
			isa = XCBuildConfiguration;
			buildSettings = {
				CODE_SIGN_STYLE = Automatic;
				CURRENT_PROJECT_VERSION = 1;
				GENERATE_INFOPLIST_FILE = YES;
				MARKETING_VERSION = 1.0;
				PRODUCT_BUNDLE_IDENTIFIER = "test.M-CommerceUITests";
				PRODUCT_NAME = "$(TARGET_NAME)";
				SWIFT_EMIT_LOC_STRINGS = NO;
				SWIFT_VERSION = 5.0;
				TARGETED_DEVICE_FAMILY = "1,2";
				TEST_TARGET_NAME = "M-Commerce";
			};
			name = Debug;
		};
		8930E3B52D59161100DCD5D8 /* Release */ = {
			isa = XCBuildConfiguration;
			buildSettings = {
				CODE_SIGN_STYLE = Automatic;
				CURRENT_PROJECT_VERSION = 1;
				GENERATE_INFOPLIST_FILE = YES;
				MARKETING_VERSION = 1.0;
				PRODUCT_BUNDLE_IDENTIFIER = "test.M-CommerceUITests";
				PRODUCT_NAME = "$(TARGET_NAME)";
				SWIFT_EMIT_LOC_STRINGS = NO;
				SWIFT_VERSION = 5.0;
				TARGETED_DEVICE_FAMILY = "1,2";
				TEST_TARGET_NAME = "M-Commerce";
			};
			name = Release;
		};
/* End XCBuildConfiguration section */

/* Begin XCConfigurationList section */
		8930E3842D59160F00DCD5D8 /* Build configuration list for PBXProject "M-Commerce" */ = {
			isa = XCConfigurationList;
			buildConfigurations = (
				8930E3AB2D59161100DCD5D8 /* Debug */,
				8930E3AC2D59161100DCD5D8 /* Release */,
			);
			defaultConfigurationIsVisible = 0;
			defaultConfigurationName = Release;
		};
		8930E3AD2D59161100DCD5D8 /* Build configuration list for PBXNativeTarget "M-Commerce" */ = {
			isa = XCConfigurationList;
			buildConfigurations = (
				8930E3AE2D59161100DCD5D8 /* Debug */,
				8930E3AF2D59161100DCD5D8 /* Release */,
			);
			defaultConfigurationIsVisible = 0;
			defaultConfigurationName = Release;
		};
		8930E3B02D59161100DCD5D8 /* Build configuration list for PBXNativeTarget "M-CommerceTests" */ = {
			isa = XCConfigurationList;
			buildConfigurations = (
				8930E3B12D59161100DCD5D8 /* Debug */,
				8930E3B22D59161100DCD5D8 /* Release */,
			);
			defaultConfigurationIsVisible = 0;
			defaultConfigurationName = Release;
		};
		8930E3B32D59161100DCD5D8 /* Build configuration list for PBXNativeTarget "M-CommerceUITests" */ = {
			isa = XCConfigurationList;
			buildConfigurations = (
				8930E3B42D59161100DCD5D8 /* Debug */,
				8930E3B52D59161100DCD5D8 /* Release */,
			);
			defaultConfigurationIsVisible = 0;
			defaultConfigurationName = Release;
		};
/* End XCConfigurationList section */
	};
	rootObject = 8930E3812D59160F00DCD5D8 /* Project object */;
}
